// !$*UTF8*$!
{
	archiveVersion = 1;
	classes = {
	};
	objectVersion = 46;
	objects = {

/* Begin PBXBuildFile section */
		5E1CE30C178DD9EC00EF64D2 /* BugFixes.rtf in Resources */ = {isa = PBXBuildFile; fileRef = 5E1CE30B178DD9EB00EF64D2 /* BugFixes.rtf */; };
		5E1CE310178DE33800EF64D2 /* Data.plist in Resources */ = {isa = PBXBuildFile; fileRef = 5E1CE30F178DE33800EF64D2 /* Data.plist */; };
		5E1CE312178E072B00EF64D2 /* delete-32.png in Resources */ = {isa = PBXBuildFile; fileRef = 5E1CE311178E072B00EF64D2 /* delete-32.png */; };
		5E83955517949E1B008808F2 /* Icon.png in Resources */ = {isa = PBXBuildFile; fileRef = 5E83955417949E1B008808F2 /* Icon.png */; };
		5E83955917949E8D008808F2 /* Icon@2x.png in Resources */ = {isa = PBXBuildFile; fileRef = 5E83955817949E8D008808F2 /* Icon@2x.png */; };
		5EC82D091799E54000F42622 /* CustomTextField.m in Sources */ = {isa = PBXBuildFile; fileRef = 5EC82D071799E54000F42622 /* CustomTextField.m */; };
		5EFB6189177C303000895A14 /* UIKit.framework in Frameworks */ = {isa = PBXBuildFile; fileRef = 5EFB6188177C303000895A14 /* UIKit.framework */; };
		5EFB618B177C303000895A14 /* Foundation.framework in Frameworks */ = {isa = PBXBuildFile; fileRef = 5EFB618A177C303000895A14 /* Foundation.framework */; };
		5EFB618D177C303000895A14 /* CoreGraphics.framework in Frameworks */ = {isa = PBXBuildFile; fileRef = 5EFB618C177C303000895A14 /* CoreGraphics.framework */; };
		5EFB618F177C303000895A14 /* CoreData.framework in Frameworks */ = {isa = PBXBuildFile; fileRef = 5EFB618E177C303000895A14 /* CoreData.framework */; };
		5EFB6195177C303000895A14 /* InfoPlist.strings in Resources */ = {isa = PBXBuildFile; fileRef = 5EFB6193177C303000895A14 /* InfoPlist.strings */; };
		5EFB6197177C303000895A14 /* main.m in Sources */ = {isa = PBXBuildFile; fileRef = 5EFB6196177C303000895A14 /* main.m */; };
		5EFB619B177C303000895A14 /* AppDelegate.m in Sources */ = {isa = PBXBuildFile; fileRef = 5EFB619A177C303000895A14 /* AppDelegate.m */; };
		5EFB619D177C303000895A14 /* Default.png in Resources */ = {isa = PBXBuildFile; fileRef = 5EFB619C177C303000895A14 /* Default.png */; };
		5EFB619F177C303000895A14 /* Default@2x.png in Resources */ = {isa = PBXBuildFile; fileRef = 5EFB619E177C303000895A14 /* Default@2x.png */; };
		5EFB61A1177C303000895A14 /* Default-568h@2x.png in Resources */ = {isa = PBXBuildFile; fileRef = 5EFB61A0177C303000895A14 /* Default-568h@2x.png */; };
		5EFB61A4177C303100895A14 /* GMv2.xcdatamodeld in Sources */ = {isa = PBXBuildFile; fileRef = 5EFB61A2177C303000895A14 /* GMv2.xcdatamodeld */; };
		5EFB61AB177C326500895A14 /* MainStoryboard.storyboard in Resources */ = {isa = PBXBuildFile; fileRef = 5EFB61AA177C326500895A14 /* MainStoryboard.storyboard */; };
		5EFB624A177C32C600895A14 /* JSON.m in Sources */ = {isa = PBXBuildFile; fileRef = 5EFB61AF177C32C600895A14 /* JSON.m */; settings = {COMPILER_FLAGS = "-fno-objc-arc"; }; };
		5EFB624B177C32C600895A14 /* JSONKit.m in Sources */ = {isa = PBXBuildFile; fileRef = 5EFB61B1177C32C600895A14 /* JSONKit.m */; settings = {COMPILER_FLAGS = "-fno-objc-arc"; }; };
		5EFB624C177C32C600895A14 /* PNObservationCenter.m in Sources */ = {isa = PBXBuildFile; fileRef = 5EFB61B6177C32C600895A14 /* PNObservationCenter.m */; };
		5EFB624D177C32C600895A14 /* PubNub.m in Sources */ = {isa = PBXBuildFile; fileRef = 5EFB61B9177C32C600895A14 /* PubNub.m */; };
		5EFB624E177C32C600895A14 /* PNWriteBuffer.m in Sources */ = {isa = PBXBuildFile; fileRef = 5EFB61BD177C32C600895A14 /* PNWriteBuffer.m */; };
		5EFB624F177C32C600895A14 /* PNChannel.m in Sources */ = {isa = PBXBuildFile; fileRef = 5EFB61C1177C32C600895A14 /* PNChannel.m */; };
		5EFB6250177C32C600895A14 /* PNChannelPresence.m in Sources */ = {isa = PBXBuildFile; fileRef = 5EFB61C5177C32C600895A14 /* PNChannelPresence.m */; };
		5EFB6251177C32C600895A14 /* PNPresenceEvent.m in Sources */ = {isa = PBXBuildFile; fileRef = 5EFB61C8177C32C600895A14 /* PNPresenceEvent.m */; };
		5EFB6252177C32C600895A14 /* PNCryptoHelper.m in Sources */ = {isa = PBXBuildFile; fileRef = 5EFB61CB177C32C600895A14 /* PNCryptoHelper.m */; };
		5EFB6253177C32C600895A14 /* PNActionResponseParser.m in Sources */ = {isa = PBXBuildFile; fileRef = 5EFB61CF177C32C600895A14 /* PNActionResponseParser.m */; };
		5EFB6254177C32C600895A14 /* PNChannelEventsResponseParser.m in Sources */ = {isa = PBXBuildFile; fileRef = 5EFB61D1177C32C600895A14 /* PNChannelEventsResponseParser.m */; };
		5EFB6255177C32C600895A14 /* PNChannelHistoryParser.m in Sources */ = {isa = PBXBuildFile; fileRef = 5EFB61D3177C32C600895A14 /* PNChannelHistoryParser.m */; };
		5EFB6256177C32C600895A14 /* PNErrorResponseParser.m in Sources */ = {isa = PBXBuildFile; fileRef = 5EFB61D6177C32C600895A14 /* PNErrorResponseParser.m */; };
		5EFB6257177C32C600895A14 /* PNHereNowResponseParser.m in Sources */ = {isa = PBXBuildFile; fileRef = 5EFB61D9177C32C600895A14 /* PNHereNowResponseParser.m */; };
		5EFB6258177C32C600895A14 /* PNOperationStatusResponseParser.m in Sources */ = {isa = PBXBuildFile; fileRef = 5EFB61DB177C32C600895A14 /* PNOperationStatusResponseParser.m */; };
		5EFB6259177C32C600895A14 /* PNPushNotificationsEnabledChannelsParser.m in Sources */ = {isa = PBXBuildFile; fileRef = 5EFB61DD177C32C600895A14 /* PNPushNotificationsEnabledChannelsParser.m */; };
		5EFB625A177C32C600895A14 /* PNResponseDeserialize.m in Sources */ = {isa = PBXBuildFile; fileRef = 5EFB61DF177C32C600895A14 /* PNResponseDeserialize.m */; };
		5EFB625B177C32C600895A14 /* PNResponseParser.m in Sources */ = {isa = PBXBuildFile; fileRef = 5EFB61E1177C32C600895A14 /* PNResponseParser.m */; };
		5EFB625C177C32C600895A14 /* PNTimeTokenResponseParser.m in Sources */ = {isa = PBXBuildFile; fileRef = 5EFB61E3177C32C600895A14 /* PNTimeTokenResponseParser.m */; };
		5EFB625D177C32C600895A14 /* PNChannelEvents.m in Sources */ = {isa = PBXBuildFile; fileRef = 5EFB61E6177C32C600895A14 /* PNChannelEvents.m */; };
		5EFB625E177C32C600895A14 /* PNConfiguration.m in Sources */ = {isa = PBXBuildFile; fileRef = 5EFB61E9177C32C600895A14 /* PNConfiguration.m */; };
		5EFB625F177C32C600895A14 /* PNDate.m in Sources */ = {isa = PBXBuildFile; fileRef = 5EFB61EB177C32C600895A14 /* PNDate.m */; };
		5EFB6260177C32C600895A14 /* PNError.m in Sources */ = {isa = PBXBuildFile; fileRef = 5EFB61EE177C32C600895A14 /* PNError.m */; };
		5EFB6261177C32C600895A14 /* PNHereNow.m in Sources */ = {isa = PBXBuildFile; fileRef = 5EFB61F1177C32C600895A14 /* PNHereNow.m */; };
		5EFB6262177C32C600895A14 /* PNJSONSerialization.m in Sources */ = {isa = PBXBuildFile; fileRef = 5EFB61F3177C32C600895A14 /* PNJSONSerialization.m */; };
		5EFB6263177C32C600895A14 /* PNMessage.m in Sources */ = {isa = PBXBuildFile; fileRef = 5EFB61F6177C32C600895A14 /* PNMessage.m */; };
		5EFB6264177C32C600895A14 /* PNMessagesHistory.m in Sources */ = {isa = PBXBuildFile; fileRef = 5EFB61F9177C32C600895A14 /* PNMessagesHistory.m */; };
		5EFB6265177C32C600895A14 /* PNOperationStatus.m in Sources */ = {isa = PBXBuildFile; fileRef = 5EFB61FC177C32C600895A14 /* PNOperationStatus.m */; };
		5EFB6266177C32C600895A14 /* PNRequestsQueue.m in Sources */ = {isa = PBXBuildFile; fileRef = 5EFB61FE177C32C600895A14 /* PNRequestsQueue.m */; };
		5EFB6267177C32C600895A14 /* PNResponse.m in Sources */ = {isa = PBXBuildFile; fileRef = 5EFB6200177C32C600895A14 /* PNResponse.m */; };
		5EFB6268177C32C600895A14 /* NSArray+PNAdditions.m in Sources */ = {isa = PBXBuildFile; fileRef = 5EFB6204177C32C600895A14 /* NSArray+PNAdditions.m */; };
		5EFB6269177C32C600895A14 /* NSData+PNAdditions.m in Sources */ = {isa = PBXBuildFile; fileRef = 5EFB6206177C32C600895A14 /* NSData+PNAdditions.m */; };
		5EFB626A177C32C600895A14 /* NSInvocation+PNAdditions.m in Sources */ = {isa = PBXBuildFile; fileRef = 5EFB6208177C32C600895A14 /* NSInvocation+PNAdditions.m */; };
		5EFB626B177C32C600895A14 /* NSMutableArray+PNAdditions.m in Sources */ = {isa = PBXBuildFile; fileRef = 5EFB620A177C32C600895A14 /* NSMutableArray+PNAdditions.m */; };
		5EFB626C177C32C600895A14 /* NSString+PNAddition.m in Sources */ = {isa = PBXBuildFile; fileRef = 5EFB620C177C32C600895A14 /* NSString+PNAddition.m */; };
		5EFB626D177C32C600895A14 /* UIDevice+PNAdditions.m in Sources */ = {isa = PBXBuildFile; fileRef = 5EFB620E177C32C600895A14 /* UIDevice+PNAdditions.m */; };
		5EFB626E177C32C600895A14 /* PNBaseRequest.m in Sources */ = {isa = PBXBuildFile; fileRef = 5EFB6223177C32C600895A14 /* PNBaseRequest.m */; };
		5EFB626F177C32C600895A14 /* PNHereNowRequest.m in Sources */ = {isa = PBXBuildFile; fileRef = 5EFB6226177C32C600895A14 /* PNHereNowRequest.m */; };
		5EFB6270177C32C600895A14 /* PNLatencyMeasureRequest.m in Sources */ = {isa = PBXBuildFile; fileRef = 5EFB6228177C32C600895A14 /* PNLatencyMeasureRequest.m */; };
		5EFB6271177C32C600895A14 /* PNLeaveRequest.m in Sources */ = {isa = PBXBuildFile; fileRef = 5EFB622B177C32C600895A14 /* PNLeaveRequest.m */; };
		5EFB6272177C32C600895A14 /* PNMessageHistoryRequest.m in Sources */ = {isa = PBXBuildFile; fileRef = 5EFB622E177C32C600895A14 /* PNMessageHistoryRequest.m */; };
		5EFB6273177C32C600895A14 /* PNMessagePostRequest.m in Sources */ = {isa = PBXBuildFile; fileRef = 5EFB6231177C32C600895A14 /* PNMessagePostRequest.m */; };
		5EFB6274177C32C600895A14 /* PNPushNotificationsEnabledChannelsRequest.m in Sources */ = {isa = PBXBuildFile; fileRef = 5EFB6233177C32C600895A14 /* PNPushNotificationsEnabledChannelsRequest.m */; };
		5EFB6275177C32C600895A14 /* PNPushNotificationsRemoveRequest.m in Sources */ = {isa = PBXBuildFile; fileRef = 5EFB6235177C32C600895A14 /* PNPushNotificationsRemoveRequest.m */; };
		5EFB6276177C32C600895A14 /* PNPushNotificationsStateChangeRequest.m in Sources */ = {isa = PBXBuildFile; fileRef = 5EFB6237177C32C600895A14 /* PNPushNotificationsStateChangeRequest.m */; };
		5EFB6277177C32C600895A14 /* PNSubscribeRequest.m in Sources */ = {isa = PBXBuildFile; fileRef = 5EFB623A177C32C600895A14 /* PNSubscribeRequest.m */; };
		5EFB6278177C32C600895A14 /* PNTimeTokenRequest.m in Sources */ = {isa = PBXBuildFile; fileRef = 5EFB623C177C32C600895A14 /* PNTimeTokenRequest.m */; };
		5EFB6279177C32C600895A14 /* PNMessagingChannel.m in Sources */ = {isa = PBXBuildFile; fileRef = 5EFB623E177C32C600895A14 /* PNMessagingChannel.m */; };
		5EFB627A177C32C600895A14 /* PNReachability.m in Sources */ = {isa = PBXBuildFile; fileRef = 5EFB6240177C32C600895A14 /* PNReachability.m */; };
		5EFB627B177C32C600895A14 /* PNServiceChannel.m in Sources */ = {isa = PBXBuildFile; fileRef = 5EFB6242177C32C600895A14 /* PNServiceChannel.m */; };
		5EFB627C177C32C600895A14 /* PNConnection.m in Sources */ = {isa = PBXBuildFile; fileRef = 5EFB6246177C32C600895A14 /* PNConnection.m */; };
		5EFB627D177C32C600895A14 /* PNConnectionChannel.m in Sources */ = {isa = PBXBuildFile; fileRef = 5EFB6249177C32C600895A14 /* PNConnectionChannel.m */; };
		5EFB6281177C32FD00895A14 /* CFNetwork.framework in Frameworks */ = {isa = PBXBuildFile; fileRef = 5EFB627E177C32FD00895A14 /* CFNetwork.framework */; };
		5EFB6282177C32FD00895A14 /* libz.dylib in Frameworks */ = {isa = PBXBuildFile; fileRef = 5EFB627F177C32FD00895A14 /* libz.dylib */; };
		5EFB6283177C32FD00895A14 /* SystemConfiguration.framework in Frameworks */ = {isa = PBXBuildFile; fileRef = 5EFB6280177C32FD00895A14 /* SystemConfiguration.framework */; };
		5EFB6287177C340800895A14 /* Globals.m in Sources */ = {isa = PBXBuildFile; fileRef = 5EFB6286177C340800895A14 /* Globals.m */; };
		5EFB628A177C34BC00895A14 /* TableViewController.m in Sources */ = {isa = PBXBuildFile; fileRef = 5EFB6289177C34BC00895A14 /* TableViewController.m */; };
		5EFB628D177C352500895A14 /* TableViewCell.m in Sources */ = {isa = PBXBuildFile; fileRef = 5EFB628C177C352500895A14 /* TableViewCell.m */; };
		5EFB6290177C38A400895A14 /* ViewController.m in Sources */ = {isa = PBXBuildFile; fileRef = 5EFB628F177C38A300895A14 /* ViewController.m */; };
		5EFB6293177C38E900895A14 /* UIPlaceHolderTextView.m in Sources */ = {isa = PBXBuildFile; fileRef = 5EFB6292177C38E900895A14 /* UIPlaceHolderTextView.m */; };
		5EFB62AB177CB62A00895A14 /* bubbleMine.png in Resources */ = {isa = PBXBuildFile; fileRef = 5EFB6295177CB62900895A14 /* bubbleMine.png */; };
		5EFB62AC177CB62A00895A14 /* bubbleMine@2x.png in Resources */ = {isa = PBXBuildFile; fileRef = 5EFB6296177CB62900895A14 /* bubbleMine@2x.png */; };
		5EFB62AD177CB62A00895A14 /* bubbleSomeone.png in Resources */ = {isa = PBXBuildFile; fileRef = 5EFB6297177CB62900895A14 /* bubbleSomeone.png */; };
		5EFB62AE177CB62A00895A14 /* bubbleSomeone@2x.png in Resources */ = {isa = PBXBuildFile; fileRef = 5EFB6298177CB62900895A14 /* bubbleSomeone@2x.png */; };
		5EFB62AF177CB62A00895A14 /* missingAvatar.png in Resources */ = {isa = PBXBuildFile; fileRef = 5EFB6299177CB62900895A14 /* missingAvatar.png */; };
		5EFB62B0177CB62A00895A14 /* missingAvatar@2x.png in Resources */ = {isa = PBXBuildFile; fileRef = 5EFB629A177CB62900895A14 /* missingAvatar@2x.png */; };
		5EFB62B1177CB62A00895A14 /* typingMine.png in Resources */ = {isa = PBXBuildFile; fileRef = 5EFB629B177CB62900895A14 /* typingMine.png */; };
		5EFB62B2177CB62A00895A14 /* typingMine@2x.png in Resources */ = {isa = PBXBuildFile; fileRef = 5EFB629C177CB62900895A14 /* typingMine@2x.png */; };
		5EFB62B3177CB62A00895A14 /* typingSomeone.png in Resources */ = {isa = PBXBuildFile; fileRef = 5EFB629D177CB62900895A14 /* typingSomeone.png */; };
		5EFB62B4177CB62A00895A14 /* typingSomeone@2x.png in Resources */ = {isa = PBXBuildFile; fileRef = 5EFB629E177CB62900895A14 /* typingSomeone@2x.png */; };
		5EFB62B5177CB62A00895A14 /* NSBubbleData.m in Sources */ = {isa = PBXBuildFile; fileRef = 5EFB62A1177CB62A00895A14 /* NSBubbleData.m */; };
		5EFB62B6177CB62A00895A14 /* UIBubbleHeaderTableViewCell.m in Sources */ = {isa = PBXBuildFile; fileRef = 5EFB62A3177CB62A00895A14 /* UIBubbleHeaderTableViewCell.m */; };
		5EFB62B7177CB62A00895A14 /* UIBubbleTableView.m in Sources */ = {isa = PBXBuildFile; fileRef = 5EFB62A5177CB62A00895A14 /* UIBubbleTableView.m */; };
		5EFB62B8177CB62A00895A14 /* UIBubbleTableViewCell.m in Sources */ = {isa = PBXBuildFile; fileRef = 5EFB62A7177CB62A00895A14 /* UIBubbleTableViewCell.m */; };
		5EFB62B9177CB62A00895A14 /* UIBubbleTypingTableViewCell.m in Sources */ = {isa = PBXBuildFile; fileRef = 5EFB62AA177CB62A00895A14 /* UIBubbleTypingTableViewCell.m */; };
/* End PBXBuildFile section */

/* Begin PBXFileReference section */
		5E1CE30B178DD9EB00EF64D2 /* BugFixes.rtf */ = {isa = PBXFileReference; fileEncoding = 4; lastKnownFileType = text.rtf; path = BugFixes.rtf; sourceTree = "<group>"; };
		5E1CE30F178DE33800EF64D2 /* Data.plist */ = {isa = PBXFileReference; fileEncoding = 4; lastKnownFileType = text.plist.xml; path = Data.plist; sourceTree = "<group>"; };
		5E1CE311178E072B00EF64D2 /* delete-32.png */ = {isa = PBXFileReference; lastKnownFileType = image.png; name = "delete-32.png"; path = "../libs/delete-32.png"; sourceTree = "<group>"; };
		5E83955417949E1B008808F2 /* Icon.png */ = {isa = PBXFileReference; lastKnownFileType = image.png; name = Icon.png; path = images/Icon.png; sourceTree = "<group>"; };
		5E83955817949E8D008808F2 /* Icon@2x.png */ = {isa = PBXFileReference; lastKnownFileType = image.png; name = "Icon@2x.png"; path = "images/Icon@2x.png"; sourceTree = "<group>"; };
		5EC82D061799E54000F42622 /* CustomTextField.h */ = {isa = PBXFileReference; fileEncoding = 4; lastKnownFileType = sourcecode.c.h; path = CustomTextField.h; sourceTree = "<group>"; };
		5EC82D071799E54000F42622 /* CustomTextField.m */ = {isa = PBXFileReference; fileEncoding = 4; lastKnownFileType = sourcecode.c.objc; path = CustomTextField.m; sourceTree = "<group>"; };
		5EC82D081799E54000F42622 /* UIFunctionality.h */ = {isa = PBXFileReference; fileEncoding = 4; lastKnownFileType = sourcecode.c.h; path = UIFunctionality.h; sourceTree = "<group>"; };
		5EFB6185177C303000895A14 /* GMv2.app */ = {isa = PBXFileReference; explicitFileType = wrapper.application; includeInIndex = 0; path = GMv2.app; sourceTree = BUILT_PRODUCTS_DIR; };
		5EFB6188177C303000895A14 /* UIKit.framework */ = {isa = PBXFileReference; lastKnownFileType = wrapper.framework; name = UIKit.framework; path = System/Library/Frameworks/UIKit.framework; sourceTree = SDKROOT; };
		5EFB618A177C303000895A14 /* Foundation.framework */ = {isa = PBXFileReference; lastKnownFileType = wrapper.framework; name = Foundation.framework; path = System/Library/Frameworks/Foundation.framework; sourceTree = SDKROOT; };
		5EFB618C177C303000895A14 /* CoreGraphics.framework */ = {isa = PBXFileReference; lastKnownFileType = wrapper.framework; name = CoreGraphics.framework; path = System/Library/Frameworks/CoreGraphics.framework; sourceTree = SDKROOT; };
		5EFB618E177C303000895A14 /* CoreData.framework */ = {isa = PBXFileReference; lastKnownFileType = wrapper.framework; name = CoreData.framework; path = System/Library/Frameworks/CoreData.framework; sourceTree = SDKROOT; };
		5EFB6192177C303000895A14 /* GMv2-Info.plist */ = {isa = PBXFileReference; lastKnownFileType = text.plist.xml; path = "GMv2-Info.plist"; sourceTree = "<group>"; };
		5EFB6194177C303000895A14 /* en */ = {isa = PBXFileReference; lastKnownFileType = text.plist.strings; name = en; path = en.lproj/InfoPlist.strings; sourceTree = "<group>"; };
		5EFB6196177C303000895A14 /* main.m */ = {isa = PBXFileReference; lastKnownFileType = sourcecode.c.objc; path = main.m; sourceTree = "<group>"; };
		5EFB6198177C303000895A14 /* GMv2-Prefix.pch */ = {isa = PBXFileReference; lastKnownFileType = sourcecode.c.h; path = "GMv2-Prefix.pch"; sourceTree = "<group>"; };
		5EFB6199177C303000895A14 /* AppDelegate.h */ = {isa = PBXFileReference; lastKnownFileType = sourcecode.c.h; path = AppDelegate.h; sourceTree = "<group>"; };
		5EFB619A177C303000895A14 /* AppDelegate.m */ = {isa = PBXFileReference; lastKnownFileType = sourcecode.c.objc; path = AppDelegate.m; sourceTree = "<group>"; };
		5EFB619C177C303000895A14 /* Default.png */ = {isa = PBXFileReference; lastKnownFileType = image.png; path = Default.png; sourceTree = "<group>"; };
		5EFB619E177C303000895A14 /* Default@2x.png */ = {isa = PBXFileReference; lastKnownFileType = image.png; path = "Default@2x.png"; sourceTree = "<group>"; };
		5EFB61A0177C303000895A14 /* Default-568h@2x.png */ = {isa = PBXFileReference; lastKnownFileType = image.png; path = "Default-568h@2x.png"; sourceTree = "<group>"; };
		5EFB61A3177C303100895A14 /* GMv2.xcdatamodel */ = {isa = PBXFileReference; lastKnownFileType = wrapper.xcdatamodel; path = GMv2.xcdatamodel; sourceTree = "<group>"; };
		5EFB61AA177C326500895A14 /* MainStoryboard.storyboard */ = {isa = PBXFileReference; fileEncoding = 4; lastKnownFileType = file.storyboard; path = MainStoryboard.storyboard; sourceTree = "<group>"; };
		5EFB61AE177C32C600895A14 /* JSON.h */ = {isa = PBXFileReference; fileEncoding = 4; lastKnownFileType = sourcecode.c.h; path = JSON.h; sourceTree = "<group>"; };
		5EFB61AF177C32C600895A14 /* JSON.m */ = {isa = PBXFileReference; fileEncoding = 4; lastKnownFileType = sourcecode.c.objc; path = JSON.m; sourceTree = "<group>"; };
		5EFB61B0177C32C600895A14 /* JSONKit.h */ = {isa = PBXFileReference; fileEncoding = 4; lastKnownFileType = sourcecode.c.h; path = JSONKit.h; sourceTree = "<group>"; };
		5EFB61B1177C32C600895A14 /* JSONKit.m */ = {isa = PBXFileReference; fileEncoding = 4; lastKnownFileType = sourcecode.c.objc; path = JSONKit.m; sourceTree = "<group>"; };
		5EFB61B4177C32C600895A14 /* PNObservationCenter+Protected.h */ = {isa = PBXFileReference; fileEncoding = 4; lastKnownFileType = sourcecode.c.h; path = "PNObservationCenter+Protected.h"; sourceTree = "<group>"; };
		5EFB61B5177C32C600895A14 /* PNObservationCenter.h */ = {isa = PBXFileReference; fileEncoding = 4; lastKnownFileType = sourcecode.c.h; path = PNObservationCenter.h; sourceTree = "<group>"; };
		5EFB61B6177C32C600895A14 /* PNObservationCenter.m */ = {isa = PBXFileReference; fileEncoding = 4; lastKnownFileType = sourcecode.c.objc; path = PNObservationCenter.m; sourceTree = "<group>"; };
		5EFB61B7177C32C600895A14 /* PubNub+Protected.h */ = {isa = PBXFileReference; fileEncoding = 4; lastKnownFileType = sourcecode.c.h; path = "PubNub+Protected.h"; sourceTree = "<group>"; };
		5EFB61B8177C32C600895A14 /* PubNub.h */ = {isa = PBXFileReference; fileEncoding = 4; lastKnownFileType = sourcecode.c.h; path = PubNub.h; sourceTree = "<group>"; };
		5EFB61B9177C32C600895A14 /* PubNub.m */ = {isa = PBXFileReference; fileEncoding = 4; lastKnownFileType = sourcecode.c.objc; path = PubNub.m; sourceTree = "<group>"; };
		5EFB61BC177C32C600895A14 /* PNWriteBuffer.h */ = {isa = PBXFileReference; fileEncoding = 4; lastKnownFileType = sourcecode.c.h; path = PNWriteBuffer.h; sourceTree = "<group>"; };
		5EFB61BD177C32C600895A14 /* PNWriteBuffer.m */ = {isa = PBXFileReference; fileEncoding = 4; lastKnownFileType = sourcecode.c.objc; path = PNWriteBuffer.m; sourceTree = "<group>"; };
		5EFB61BF177C32C600895A14 /* PNChannel+Protected.h */ = {isa = PBXFileReference; fileEncoding = 4; lastKnownFileType = sourcecode.c.h; path = "PNChannel+Protected.h"; sourceTree = "<group>"; };
		5EFB61C0177C32C600895A14 /* PNChannel.h */ = {isa = PBXFileReference; fileEncoding = 4; lastKnownFileType = sourcecode.c.h; path = PNChannel.h; sourceTree = "<group>"; };
		5EFB61C1177C32C600895A14 /* PNChannel.m */ = {isa = PBXFileReference; fileEncoding = 4; lastKnownFileType = sourcecode.c.objc; path = PNChannel.m; sourceTree = "<group>"; };
		5EFB61C3177C32C600895A14 /* PNChannelPresence+Protected.h */ = {isa = PBXFileReference; fileEncoding = 4; lastKnownFileType = sourcecode.c.h; path = "PNChannelPresence+Protected.h"; sourceTree = "<group>"; };
		5EFB61C4177C32C600895A14 /* PNChannelPresence.h */ = {isa = PBXFileReference; fileEncoding = 4; lastKnownFileType = sourcecode.c.h; path = PNChannelPresence.h; sourceTree = "<group>"; };
		5EFB61C5177C32C600895A14 /* PNChannelPresence.m */ = {isa = PBXFileReference; fileEncoding = 4; lastKnownFileType = sourcecode.c.objc; path = PNChannelPresence.m; sourceTree = "<group>"; };
		5EFB61C6177C32C600895A14 /* PNPresenceEvent+Protected.h */ = {isa = PBXFileReference; fileEncoding = 4; lastKnownFileType = sourcecode.c.h; path = "PNPresenceEvent+Protected.h"; sourceTree = "<group>"; };
		5EFB61C7177C32C600895A14 /* PNPresenceEvent.h */ = {isa = PBXFileReference; fileEncoding = 4; lastKnownFileType = sourcecode.c.h; path = PNPresenceEvent.h; sourceTree = "<group>"; };
		5EFB61C8177C32C600895A14 /* PNPresenceEvent.m */ = {isa = PBXFileReference; fileEncoding = 4; lastKnownFileType = sourcecode.c.objc; path = PNPresenceEvent.m; sourceTree = "<group>"; };
		5EFB61CA177C32C600895A14 /* PNCryptoHelper.h */ = {isa = PBXFileReference; fileEncoding = 4; lastKnownFileType = sourcecode.c.h; path = PNCryptoHelper.h; sourceTree = "<group>"; };
		5EFB61CB177C32C600895A14 /* PNCryptoHelper.m */ = {isa = PBXFileReference; fileEncoding = 4; lastKnownFileType = sourcecode.c.objc; path = PNCryptoHelper.m; sourceTree = "<group>"; };
		5EFB61CD177C32C600895A14 /* PNActionResponseParser+Protected.h */ = {isa = PBXFileReference; fileEncoding = 4; lastKnownFileType = sourcecode.c.h; path = "PNActionResponseParser+Protected.h"; sourceTree = "<group>"; };
		5EFB61CE177C32C600895A14 /* PNActionResponseParser.h */ = {isa = PBXFileReference; fileEncoding = 4; lastKnownFileType = sourcecode.c.h; path = PNActionResponseParser.h; sourceTree = "<group>"; };
		5EFB61CF177C32C600895A14 /* PNActionResponseParser.m */ = {isa = PBXFileReference; fileEncoding = 4; lastKnownFileType = sourcecode.c.objc; path = PNActionResponseParser.m; sourceTree = "<group>"; };
		5EFB61D0177C32C600895A14 /* PNChannelEventsResponseParser.h */ = {isa = PBXFileReference; fileEncoding = 4; lastKnownFileType = sourcecode.c.h; path = PNChannelEventsResponseParser.h; sourceTree = "<group>"; };
		5EFB61D1177C32C600895A14 /* PNChannelEventsResponseParser.m */ = {isa = PBXFileReference; fileEncoding = 4; lastKnownFileType = sourcecode.c.objc; path = PNChannelEventsResponseParser.m; sourceTree = "<group>"; };
		5EFB61D2177C32C600895A14 /* PNChannelHistoryParser.h */ = {isa = PBXFileReference; fileEncoding = 4; lastKnownFileType = sourcecode.c.h; path = PNChannelHistoryParser.h; sourceTree = "<group>"; };
		5EFB61D3177C32C600895A14 /* PNChannelHistoryParser.m */ = {isa = PBXFileReference; fileEncoding = 4; lastKnownFileType = sourcecode.c.objc; path = PNChannelHistoryParser.m; sourceTree = "<group>"; };
		5EFB61D4177C32C600895A14 /* PNErrorResponseParser+Protected.h */ = {isa = PBXFileReference; fileEncoding = 4; lastKnownFileType = sourcecode.c.h; path = "PNErrorResponseParser+Protected.h"; sourceTree = "<group>"; };
		5EFB61D5177C32C600895A14 /* PNErrorResponseParser.h */ = {isa = PBXFileReference; fileEncoding = 4; lastKnownFileType = sourcecode.c.h; path = PNErrorResponseParser.h; sourceTree = "<group>"; };
		5EFB61D6177C32C600895A14 /* PNErrorResponseParser.m */ = {isa = PBXFileReference; fileEncoding = 4; lastKnownFileType = sourcecode.c.objc; path = PNErrorResponseParser.m; sourceTree = "<group>"; };
		5EFB61D7177C32C600895A14 /* PNHereNowResponseParser+Protected.h */ = {isa = PBXFileReference; fileEncoding = 4; lastKnownFileType = sourcecode.c.h; path = "PNHereNowResponseParser+Protected.h"; sourceTree = "<group>"; };
		5EFB61D8177C32C600895A14 /* PNHereNowResponseParser.h */ = {isa = PBXFileReference; fileEncoding = 4; lastKnownFileType = sourcecode.c.h; path = PNHereNowResponseParser.h; sourceTree = "<group>"; };
		5EFB61D9177C32C600895A14 /* PNHereNowResponseParser.m */ = {isa = PBXFileReference; fileEncoding = 4; lastKnownFileType = sourcecode.c.objc; path = PNHereNowResponseParser.m; sourceTree = "<group>"; };
		5EFB61DA177C32C600895A14 /* PNOperationStatusResponseParser.h */ = {isa = PBXFileReference; fileEncoding = 4; lastKnownFileType = sourcecode.c.h; path = PNOperationStatusResponseParser.h; sourceTree = "<group>"; };
		5EFB61DB177C32C600895A14 /* PNOperationStatusResponseParser.m */ = {isa = PBXFileReference; fileEncoding = 4; lastKnownFileType = sourcecode.c.objc; path = PNOperationStatusResponseParser.m; sourceTree = "<group>"; };
		5EFB61DC177C32C600895A14 /* PNPushNotificationsEnabledChannelsParser.h */ = {isa = PBXFileReference; fileEncoding = 4; lastKnownFileType = sourcecode.c.h; path = PNPushNotificationsEnabledChannelsParser.h; sourceTree = "<group>"; };
		5EFB61DD177C32C600895A14 /* PNPushNotificationsEnabledChannelsParser.m */ = {isa = PBXFileReference; fileEncoding = 4; lastKnownFileType = sourcecode.c.objc; path = PNPushNotificationsEnabledChannelsParser.m; sourceTree = "<group>"; };
		5EFB61DE177C32C600895A14 /* PNResponseDeserialize.h */ = {isa = PBXFileReference; fileEncoding = 4; lastKnownFileType = sourcecode.c.h; path = PNResponseDeserialize.h; sourceTree = "<group>"; };
		5EFB61DF177C32C600895A14 /* PNResponseDeserialize.m */ = {isa = PBXFileReference; fileEncoding = 4; lastKnownFileType = sourcecode.c.objc; path = PNResponseDeserialize.m; sourceTree = "<group>"; };
		5EFB61E0177C32C600895A14 /* PNResponseParser.h */ = {isa = PBXFileReference; fileEncoding = 4; lastKnownFileType = sourcecode.c.h; path = PNResponseParser.h; sourceTree = "<group>"; };
		5EFB61E1177C32C600895A14 /* PNResponseParser.m */ = {isa = PBXFileReference; fileEncoding = 4; lastKnownFileType = sourcecode.c.objc; path = PNResponseParser.m; sourceTree = "<group>"; };
		5EFB61E2177C32C600895A14 /* PNTimeTokenResponseParser.h */ = {isa = PBXFileReference; fileEncoding = 4; lastKnownFileType = sourcecode.c.h; path = PNTimeTokenResponseParser.h; sourceTree = "<group>"; };
		5EFB61E3177C32C600895A14 /* PNTimeTokenResponseParser.m */ = {isa = PBXFileReference; fileEncoding = 4; lastKnownFileType = sourcecode.c.objc; path = PNTimeTokenResponseParser.m; sourceTree = "<group>"; };
		5EFB61E4177C32C600895A14 /* PNChannelEvents+Protected.h */ = {isa = PBXFileReference; fileEncoding = 4; lastKnownFileType = sourcecode.c.h; path = "PNChannelEvents+Protected.h"; sourceTree = "<group>"; };
		5EFB61E5177C32C600895A14 /* PNChannelEvents.h */ = {isa = PBXFileReference; fileEncoding = 4; lastKnownFileType = sourcecode.c.h; path = PNChannelEvents.h; sourceTree = "<group>"; };
		5EFB61E6177C32C600895A14 /* PNChannelEvents.m */ = {isa = PBXFileReference; fileEncoding = 4; lastKnownFileType = sourcecode.c.objc; path = PNChannelEvents.m; sourceTree = "<group>"; };
		5EFB61E7177C32C600895A14 /* PNConfiguration+Protected.h */ = {isa = PBXFileReference; fileEncoding = 4; lastKnownFileType = sourcecode.c.h; path = "PNConfiguration+Protected.h"; sourceTree = "<group>"; };
		5EFB61E8177C32C600895A14 /* PNConfiguration.h */ = {isa = PBXFileReference; fileEncoding = 4; lastKnownFileType = sourcecode.c.h; path = PNConfiguration.h; sourceTree = "<group>"; };
		5EFB61E9177C32C600895A14 /* PNConfiguration.m */ = {isa = PBXFileReference; fileEncoding = 4; lastKnownFileType = sourcecode.c.objc; path = PNConfiguration.m; sourceTree = "<group>"; };
		5EFB61EA177C32C600895A14 /* PNDate.h */ = {isa = PBXFileReference; fileEncoding = 4; lastKnownFileType = sourcecode.c.h; path = PNDate.h; sourceTree = "<group>"; };
		5EFB61EB177C32C600895A14 /* PNDate.m */ = {isa = PBXFileReference; fileEncoding = 4; lastKnownFileType = sourcecode.c.objc; path = PNDate.m; sourceTree = "<group>"; };
		5EFB61EC177C32C600895A14 /* PNError+Protected.h */ = {isa = PBXFileReference; fileEncoding = 4; lastKnownFileType = sourcecode.c.h; path = "PNError+Protected.h"; sourceTree = "<group>"; };
		5EFB61ED177C32C600895A14 /* PNError.h */ = {isa = PBXFileReference; fileEncoding = 4; lastKnownFileType = sourcecode.c.h; path = PNError.h; sourceTree = "<group>"; };
		5EFB61EE177C32C600895A14 /* PNError.m */ = {isa = PBXFileReference; fileEncoding = 4; lastKnownFileType = sourcecode.c.objc; path = PNError.m; sourceTree = "<group>"; };
		5EFB61EF177C32C600895A14 /* PNHereNow+Protected.h */ = {isa = PBXFileReference; fileEncoding = 4; lastKnownFileType = sourcecode.c.h; path = "PNHereNow+Protected.h"; sourceTree = "<group>"; };
		5EFB61F0177C32C600895A14 /* PNHereNow.h */ = {isa = PBXFileReference; fileEncoding = 4; lastKnownFileType = sourcecode.c.h; path = PNHereNow.h; sourceTree = "<group>"; };
		5EFB61F1177C32C600895A14 /* PNHereNow.m */ = {isa = PBXFileReference; fileEncoding = 4; lastKnownFileType = sourcecode.c.objc; path = PNHereNow.m; sourceTree = "<group>"; };
		5EFB61F2177C32C600895A14 /* PNJSONSerialization.h */ = {isa = PBXFileReference; fileEncoding = 4; lastKnownFileType = sourcecode.c.h; path = PNJSONSerialization.h; sourceTree = "<group>"; };
		5EFB61F3177C32C600895A14 /* PNJSONSerialization.m */ = {isa = PBXFileReference; fileEncoding = 4; lastKnownFileType = sourcecode.c.objc; path = PNJSONSerialization.m; sourceTree = "<group>"; };
		5EFB61F4177C32C600895A14 /* PNMessage+Protected.h */ = {isa = PBXFileReference; fileEncoding = 4; lastKnownFileType = sourcecode.c.h; path = "PNMessage+Protected.h"; sourceTree = "<group>"; };
		5EFB61F5177C32C600895A14 /* PNMessage.h */ = {isa = PBXFileReference; fileEncoding = 4; lastKnownFileType = sourcecode.c.h; path = PNMessage.h; sourceTree = "<group>"; };
		5EFB61F6177C32C600895A14 /* PNMessage.m */ = {isa = PBXFileReference; fileEncoding = 4; lastKnownFileType = sourcecode.c.objc; path = PNMessage.m; sourceTree = "<group>"; };
		5EFB61F7177C32C600895A14 /* PNMessagesHistory+Protected.h */ = {isa = PBXFileReference; fileEncoding = 4; lastKnownFileType = sourcecode.c.h; path = "PNMessagesHistory+Protected.h"; sourceTree = "<group>"; };
		5EFB61F8177C32C600895A14 /* PNMessagesHistory.h */ = {isa = PBXFileReference; fileEncoding = 4; lastKnownFileType = sourcecode.c.h; path = PNMessagesHistory.h; sourceTree = "<group>"; };
		5EFB61F9177C32C600895A14 /* PNMessagesHistory.m */ = {isa = PBXFileReference; fileEncoding = 4; lastKnownFileType = sourcecode.c.objc; path = PNMessagesHistory.m; sourceTree = "<group>"; };
		5EFB61FA177C32C600895A14 /* PNOperationStatus+Protected.h */ = {isa = PBXFileReference; fileEncoding = 4; lastKnownFileType = sourcecode.c.h; path = "PNOperationStatus+Protected.h"; sourceTree = "<group>"; };
		5EFB61FB177C32C600895A14 /* PNOperationStatus.h */ = {isa = PBXFileReference; fileEncoding = 4; lastKnownFileType = sourcecode.c.h; path = PNOperationStatus.h; sourceTree = "<group>"; };
		5EFB61FC177C32C600895A14 /* PNOperationStatus.m */ = {isa = PBXFileReference; fileEncoding = 4; lastKnownFileType = sourcecode.c.objc; path = PNOperationStatus.m; sourceTree = "<group>"; };
		5EFB61FD177C32C600895A14 /* PNRequestsQueue.h */ = {isa = PBXFileReference; fileEncoding = 4; lastKnownFileType = sourcecode.c.h; path = PNRequestsQueue.h; sourceTree = "<group>"; };
		5EFB61FE177C32C600895A14 /* PNRequestsQueue.m */ = {isa = PBXFileReference; fileEncoding = 4; lastKnownFileType = sourcecode.c.objc; path = PNRequestsQueue.m; sourceTree = "<group>"; };
		5EFB61FF177C32C600895A14 /* PNResponse.h */ = {isa = PBXFileReference; fileEncoding = 4; lastKnownFileType = sourcecode.c.h; path = PNResponse.h; sourceTree = "<group>"; };
		5EFB6200177C32C600895A14 /* PNResponse.m */ = {isa = PBXFileReference; fileEncoding = 4; lastKnownFileType = sourcecode.c.objc; path = PNResponse.m; sourceTree = "<group>"; };
		5EFB6203177C32C600895A14 /* NSArray+PNAdditions.h */ = {isa = PBXFileReference; fileEncoding = 4; lastKnownFileType = sourcecode.c.h; path = "NSArray+PNAdditions.h"; sourceTree = "<group>"; };
		5EFB6204177C32C600895A14 /* NSArray+PNAdditions.m */ = {isa = PBXFileReference; fileEncoding = 4; lastKnownFileType = sourcecode.c.objc; path = "NSArray+PNAdditions.m"; sourceTree = "<group>"; };
		5EFB6205177C32C600895A14 /* NSData+PNAdditions.h */ = {isa = PBXFileReference; fileEncoding = 4; lastKnownFileType = sourcecode.c.h; path = "NSData+PNAdditions.h"; sourceTree = "<group>"; };
		5EFB6206177C32C600895A14 /* NSData+PNAdditions.m */ = {isa = PBXFileReference; fileEncoding = 4; lastKnownFileType = sourcecode.c.objc; path = "NSData+PNAdditions.m"; sourceTree = "<group>"; };
		5EFB6207177C32C600895A14 /* NSInvocation+PNAdditions.h */ = {isa = PBXFileReference; fileEncoding = 4; lastKnownFileType = sourcecode.c.h; path = "NSInvocation+PNAdditions.h"; sourceTree = "<group>"; };
		5EFB6208177C32C600895A14 /* NSInvocation+PNAdditions.m */ = {isa = PBXFileReference; fileEncoding = 4; lastKnownFileType = sourcecode.c.objc; path = "NSInvocation+PNAdditions.m"; sourceTree = "<group>"; };
		5EFB6209177C32C600895A14 /* NSMutableArray+PNAdditions.h */ = {isa = PBXFileReference; fileEncoding = 4; lastKnownFileType = sourcecode.c.h; path = "NSMutableArray+PNAdditions.h"; sourceTree = "<group>"; };
		5EFB620A177C32C600895A14 /* NSMutableArray+PNAdditions.m */ = {isa = PBXFileReference; fileEncoding = 4; lastKnownFileType = sourcecode.c.objc; path = "NSMutableArray+PNAdditions.m"; sourceTree = "<group>"; };
		5EFB620B177C32C600895A14 /* NSString+PNAddition.h */ = {isa = PBXFileReference; fileEncoding = 4; lastKnownFileType = sourcecode.c.h; path = "NSString+PNAddition.h"; sourceTree = "<group>"; };
		5EFB620C177C32C600895A14 /* NSString+PNAddition.m */ = {isa = PBXFileReference; fileEncoding = 4; lastKnownFileType = sourcecode.c.objc; path = "NSString+PNAddition.m"; sourceTree = "<group>"; };
		5EFB620D177C32C600895A14 /* UIDevice+PNAdditions.h */ = {isa = PBXFileReference; fileEncoding = 4; lastKnownFileType = sourcecode.c.h; path = "UIDevice+PNAdditions.h"; sourceTree = "<group>"; };
		5EFB620E177C32C600895A14 /* UIDevice+PNAdditions.m */ = {isa = PBXFileReference; fileEncoding = 4; lastKnownFileType = sourcecode.c.objc; path = "UIDevice+PNAdditions.m"; sourceTree = "<group>"; };
		5EFB620F177C32C600895A14 /* PNConstants.h */ = {isa = PBXFileReference; fileEncoding = 4; lastKnownFileType = sourcecode.c.h; path = PNConstants.h; sourceTree = "<group>"; };
		5EFB6210177C32C600895A14 /* PNDefaultConfiguration.h */ = {isa = PBXFileReference; fileEncoding = 4; lastKnownFileType = sourcecode.c.h; path = PNDefaultConfiguration.h; sourceTree = "<group>"; };
		5EFB6211177C32C600895A14 /* PNErrorCodes.h */ = {isa = PBXFileReference; fileEncoding = 4; lastKnownFileType = sourcecode.c.h; path = PNErrorCodes.h; sourceTree = "<group>"; };
		5EFB6212177C32C600895A14 /* PNImports.h */ = {isa = PBXFileReference; fileEncoding = 4; lastKnownFileType = sourcecode.c.h; path = PNImports.h; sourceTree = "<group>"; };
		5EFB6213177C32C600895A14 /* PNMacro.h */ = {isa = PBXFileReference; fileEncoding = 4; lastKnownFileType = sourcecode.c.h; path = PNMacro.h; sourceTree = "<group>"; };
		5EFB6214177C32C600895A14 /* PNNotifications.h */ = {isa = PBXFileReference; fileEncoding = 4; lastKnownFileType = sourcecode.c.h; path = PNNotifications.h; sourceTree = "<group>"; };
		5EFB6215177C32C600895A14 /* PNRequestsImport.h */ = {isa = PBXFileReference; fileEncoding = 4; lastKnownFileType = sourcecode.c.h; path = PNRequestsImport.h; sourceTree = "<group>"; };
		5EFB6216177C32C600895A14 /* PNServiceResponseCallbacks.h */ = {isa = PBXFileReference; fileEncoding = 4; lastKnownFileType = sourcecode.c.h; path = PNServiceResponseCallbacks.h; sourceTree = "<group>"; };
		5EFB6217177C32C600895A14 /* PNStructures.h */ = {isa = PBXFileReference; fileEncoding = 4; lastKnownFileType = sourcecode.c.h; path = PNStructures.h; sourceTree = "<group>"; };
		5EFB6219177C32C600895A14 /* PNConnectionChannelDelegate.h */ = {isa = PBXFileReference; fileEncoding = 4; lastKnownFileType = sourcecode.c.h; path = PNConnectionChannelDelegate.h; sourceTree = "<group>"; };
		5EFB621A177C32C600895A14 /* PNConnectionDelegate.h */ = {isa = PBXFileReference; fileEncoding = 4; lastKnownFileType = sourcecode.c.h; path = PNConnectionDelegate.h; sourceTree = "<group>"; };
		5EFB621B177C32C600895A14 /* PNDelegate.h */ = {isa = PBXFileReference; fileEncoding = 4; lastKnownFileType = sourcecode.c.h; path = PNDelegate.h; sourceTree = "<group>"; };
		5EFB621C177C32C600895A14 /* PNMessageChannelDelegate.h */ = {isa = PBXFileReference; fileEncoding = 4; lastKnownFileType = sourcecode.c.h; path = PNMessageChannelDelegate.h; sourceTree = "<group>"; };
		5EFB621D177C32C600895A14 /* PNRequestsQueueDelegate.h */ = {isa = PBXFileReference; fileEncoding = 4; lastKnownFileType = sourcecode.c.h; path = PNRequestsQueueDelegate.h; sourceTree = "<group>"; };
		5EFB621E177C32C600895A14 /* PNServiceChannelDelegate.h */ = {isa = PBXFileReference; fileEncoding = 4; lastKnownFileType = sourcecode.c.h; path = PNServiceChannelDelegate.h; sourceTree = "<group>"; };
		5EFB6221177C32C600895A14 /* PNBaseRequest+Protected.h */ = {isa = PBXFileReference; fileEncoding = 4; lastKnownFileType = sourcecode.c.h; path = "PNBaseRequest+Protected.h"; sourceTree = "<group>"; };
		5EFB6222177C32C600895A14 /* PNBaseRequest.h */ = {isa = PBXFileReference; fileEncoding = 4; lastKnownFileType = sourcecode.c.h; path = PNBaseRequest.h; sourceTree = "<group>"; };
		5EFB6223177C32C600895A14 /* PNBaseRequest.m */ = {isa = PBXFileReference; fileEncoding = 4; lastKnownFileType = sourcecode.c.objc; path = PNBaseRequest.m; sourceTree = "<group>"; };
		5EFB6224177C32C600895A14 /* PNHereNowRequest+Protected.h */ = {isa = PBXFileReference; fileEncoding = 4; lastKnownFileType = sourcecode.c.h; path = "PNHereNowRequest+Protected.h"; sourceTree = "<group>"; };
		5EFB6225177C32C600895A14 /* PNHereNowRequest.h */ = {isa = PBXFileReference; fileEncoding = 4; lastKnownFileType = sourcecode.c.h; path = PNHereNowRequest.h; sourceTree = "<group>"; };
		5EFB6226177C32C600895A14 /* PNHereNowRequest.m */ = {isa = PBXFileReference; fileEncoding = 4; lastKnownFileType = sourcecode.c.objc; path = PNHereNowRequest.m; sourceTree = "<group>"; };
		5EFB6227177C32C600895A14 /* PNLatencyMeasureRequest.h */ = {isa = PBXFileReference; fileEncoding = 4; lastKnownFileType = sourcecode.c.h; path = PNLatencyMeasureRequest.h; sourceTree = "<group>"; };
		5EFB6228177C32C600895A14 /* PNLatencyMeasureRequest.m */ = {isa = PBXFileReference; fileEncoding = 4; lastKnownFileType = sourcecode.c.objc; path = PNLatencyMeasureRequest.m; sourceTree = "<group>"; };
		5EFB6229177C32C600895A14 /* PNLeaveRequest+Protected.h */ = {isa = PBXFileReference; fileEncoding = 4; lastKnownFileType = sourcecode.c.h; path = "PNLeaveRequest+Protected.h"; sourceTree = "<group>"; };
		5EFB622A177C32C600895A14 /* PNLeaveRequest.h */ = {isa = PBXFileReference; fileEncoding = 4; lastKnownFileType = sourcecode.c.h; path = PNLeaveRequest.h; sourceTree = "<group>"; };
		5EFB622B177C32C600895A14 /* PNLeaveRequest.m */ = {isa = PBXFileReference; fileEncoding = 4; lastKnownFileType = sourcecode.c.objc; path = PNLeaveRequest.m; sourceTree = "<group>"; };
		5EFB622C177C32C600895A14 /* PNMessageHistoryRequest+Protected.h */ = {isa = PBXFileReference; fileEncoding = 4; lastKnownFileType = sourcecode.c.h; path = "PNMessageHistoryRequest+Protected.h"; sourceTree = "<group>"; };
		5EFB622D177C32C600895A14 /* PNMessageHistoryRequest.h */ = {isa = PBXFileReference; fileEncoding = 4; lastKnownFileType = sourcecode.c.h; path = PNMessageHistoryRequest.h; sourceTree = "<group>"; };
		5EFB622E177C32C600895A14 /* PNMessageHistoryRequest.m */ = {isa = PBXFileReference; fileEncoding = 4; lastKnownFileType = sourcecode.c.objc; path = PNMessageHistoryRequest.m; sourceTree = "<group>"; };
		5EFB622F177C32C600895A14 /* PNMessagePostRequest+Protected.h */ = {isa = PBXFileReference; fileEncoding = 4; lastKnownFileType = sourcecode.c.h; path = "PNMessagePostRequest+Protected.h"; sourceTree = "<group>"; };
		5EFB6230177C32C600895A14 /* PNMessagePostRequest.h */ = {isa = PBXFileReference; fileEncoding = 4; lastKnownFileType = sourcecode.c.h; path = PNMessagePostRequest.h; sourceTree = "<group>"; };
		5EFB6231177C32C600895A14 /* PNMessagePostRequest.m */ = {isa = PBXFileReference; fileEncoding = 4; lastKnownFileType = sourcecode.c.objc; path = PNMessagePostRequest.m; sourceTree = "<group>"; };
		5EFB6232177C32C600895A14 /* PNPushNotificationsEnabledChannelsRequest.h */ = {isa = PBXFileReference; fileEncoding = 4; lastKnownFileType = sourcecode.c.h; path = PNPushNotificationsEnabledChannelsRequest.h; sourceTree = "<group>"; };
		5EFB6233177C32C600895A14 /* PNPushNotificationsEnabledChannelsRequest.m */ = {isa = PBXFileReference; fileEncoding = 4; lastKnownFileType = sourcecode.c.objc; path = PNPushNotificationsEnabledChannelsRequest.m; sourceTree = "<group>"; };
		5EFB6234177C32C600895A14 /* PNPushNotificationsRemoveRequest.h */ = {isa = PBXFileReference; fileEncoding = 4; lastKnownFileType = sourcecode.c.h; path = PNPushNotificationsRemoveRequest.h; sourceTree = "<group>"; };
		5EFB6235177C32C600895A14 /* PNPushNotificationsRemoveRequest.m */ = {isa = PBXFileReference; fileEncoding = 4; lastKnownFileType = sourcecode.c.objc; path = PNPushNotificationsRemoveRequest.m; sourceTree = "<group>"; };
		5EFB6236177C32C600895A14 /* PNPushNotificationsStateChangeRequest.h */ = {isa = PBXFileReference; fileEncoding = 4; lastKnownFileType = sourcecode.c.h; path = PNPushNotificationsStateChangeRequest.h; sourceTree = "<group>"; };
		5EFB6237177C32C600895A14 /* PNPushNotificationsStateChangeRequest.m */ = {isa = PBXFileReference; fileEncoding = 4; lastKnownFileType = sourcecode.c.objc; path = PNPushNotificationsStateChangeRequest.m; sourceTree = "<group>"; };
		5EFB6238177C32C600895A14 /* PNSubscribeRequest+Protected.h */ = {isa = PBXFileReference; fileEncoding = 4; lastKnownFileType = sourcecode.c.h; path = "PNSubscribeRequest+Protected.h"; sourceTree = "<group>"; };
		5EFB6239177C32C600895A14 /* PNSubscribeRequest.h */ = {isa = PBXFileReference; fileEncoding = 4; lastKnownFileType = sourcecode.c.h; path = PNSubscribeRequest.h; sourceTree = "<group>"; };
		5EFB623A177C32C600895A14 /* PNSubscribeRequest.m */ = {isa = PBXFileReference; fileEncoding = 4; lastKnownFileType = sourcecode.c.objc; path = PNSubscribeRequest.m; sourceTree = "<group>"; };
		5EFB623B177C32C600895A14 /* PNTimeTokenRequest.h */ = {isa = PBXFileReference; fileEncoding = 4; lastKnownFileType = sourcecode.c.h; path = PNTimeTokenRequest.h; sourceTree = "<group>"; };
		5EFB623C177C32C600895A14 /* PNTimeTokenRequest.m */ = {isa = PBXFileReference; fileEncoding = 4; lastKnownFileType = sourcecode.c.objc; path = PNTimeTokenRequest.m; sourceTree = "<group>"; };
		5EFB623D177C32C600895A14 /* PNMessagingChannel.h */ = {isa = PBXFileReference; fileEncoding = 4; lastKnownFileType = sourcecode.c.h; path = PNMessagingChannel.h; sourceTree = "<group>"; };
		5EFB623E177C32C600895A14 /* PNMessagingChannel.m */ = {isa = PBXFileReference; fileEncoding = 4; lastKnownFileType = sourcecode.c.objc; path = PNMessagingChannel.m; sourceTree = "<group>"; };
		5EFB623F177C32C600895A14 /* PNReachability.h */ = {isa = PBXFileReference; fileEncoding = 4; lastKnownFileType = sourcecode.c.h; path = PNReachability.h; sourceTree = "<group>"; };
		5EFB6240177C32C600895A14 /* PNReachability.m */ = {isa = PBXFileReference; fileEncoding = 4; lastKnownFileType = sourcecode.c.objc; path = PNReachability.m; sourceTree = "<group>"; };
		5EFB6241177C32C600895A14 /* PNServiceChannel.h */ = {isa = PBXFileReference; fileEncoding = 4; lastKnownFileType = sourcecode.c.h; path = PNServiceChannel.h; sourceTree = "<group>"; };
		5EFB6242177C32C600895A14 /* PNServiceChannel.m */ = {isa = PBXFileReference; fileEncoding = 4; lastKnownFileType = sourcecode.c.objc; path = PNServiceChannel.m; sourceTree = "<group>"; };
		5EFB6244177C32C600895A14 /* PNConnection+Protected.h */ = {isa = PBXFileReference; fileEncoding = 4; lastKnownFileType = sourcecode.c.h; path = "PNConnection+Protected.h"; sourceTree = "<group>"; };
		5EFB6245177C32C600895A14 /* PNConnection.h */ = {isa = PBXFileReference; fileEncoding = 4; lastKnownFileType = sourcecode.c.h; path = PNConnection.h; sourceTree = "<group>"; };
		5EFB6246177C32C600895A14 /* PNConnection.m */ = {isa = PBXFileReference; fileEncoding = 4; lastKnownFileType = sourcecode.c.objc; path = PNConnection.m; sourceTree = "<group>"; };
		5EFB6247177C32C600895A14 /* PNConnectionChannel+Protected.h */ = {isa = PBXFileReference; fileEncoding = 4; lastKnownFileType = sourcecode.c.h; path = "PNConnectionChannel+Protected.h"; sourceTree = "<group>"; };
		5EFB6248177C32C600895A14 /* PNConnectionChannel.h */ = {isa = PBXFileReference; fileEncoding = 4; lastKnownFileType = sourcecode.c.h; path = PNConnectionChannel.h; sourceTree = "<group>"; };
		5EFB6249177C32C600895A14 /* PNConnectionChannel.m */ = {isa = PBXFileReference; fileEncoding = 4; lastKnownFileType = sourcecode.c.objc; path = PNConnectionChannel.m; sourceTree = "<group>"; };
		5EFB627E177C32FD00895A14 /* CFNetwork.framework */ = {isa = PBXFileReference; lastKnownFileType = wrapper.framework; name = CFNetwork.framework; path = System/Library/Frameworks/CFNetwork.framework; sourceTree = SDKROOT; };
		5EFB627F177C32FD00895A14 /* libz.dylib */ = {isa = PBXFileReference; lastKnownFileType = "compiled.mach-o.dylib"; name = libz.dylib; path = usr/lib/libz.dylib; sourceTree = SDKROOT; };
		5EFB6280177C32FD00895A14 /* SystemConfiguration.framework */ = {isa = PBXFileReference; lastKnownFileType = wrapper.framework; name = SystemConfiguration.framework; path = System/Library/Frameworks/SystemConfiguration.framework; sourceTree = SDKROOT; };
		5EFB6284177C33CC00895A14 /* Constants.h */ = {isa = PBXFileReference; lastKnownFileType = sourcecode.c.h; path = Constants.h; sourceTree = "<group>"; };
		5EFB6285177C340800895A14 /* Globals.h */ = {isa = PBXFileReference; fileEncoding = 4; lastKnownFileType = sourcecode.c.h; path = Globals.h; sourceTree = "<group>"; };
		5EFB6286177C340800895A14 /* Globals.m */ = {isa = PBXFileReference; fileEncoding = 4; lastKnownFileType = sourcecode.c.objc; path = Globals.m; sourceTree = "<group>"; };
		5EFB6288177C34BC00895A14 /* TableViewController.h */ = {isa = PBXFileReference; fileEncoding = 4; lastKnownFileType = sourcecode.c.h; path = TableViewController.h; sourceTree = "<group>"; };
		5EFB6289177C34BC00895A14 /* TableViewController.m */ = {isa = PBXFileReference; fileEncoding = 4; lastKnownFileType = sourcecode.c.objc; path = TableViewController.m; sourceTree = "<group>"; };
		5EFB628B177C352500895A14 /* TableViewCell.h */ = {isa = PBXFileReference; fileEncoding = 4; lastKnownFileType = sourcecode.c.h; path = TableViewCell.h; sourceTree = "<group>"; };
		5EFB628C177C352500895A14 /* TableViewCell.m */ = {isa = PBXFileReference; fileEncoding = 4; lastKnownFileType = sourcecode.c.objc; path = TableViewCell.m; sourceTree = "<group>"; };
		5EFB628E177C38A300895A14 /* ViewController.h */ = {isa = PBXFileReference; fileEncoding = 4; lastKnownFileType = sourcecode.c.h; path = ViewController.h; sourceTree = "<group>"; };
		5EFB628F177C38A300895A14 /* ViewController.m */ = {isa = PBXFileReference; fileEncoding = 4; lastKnownFileType = sourcecode.c.objc; path = ViewController.m; sourceTree = "<group>"; };
		5EFB6291177C38E900895A14 /* UIPlaceHolderTextView.h */ = {isa = PBXFileReference; fileEncoding = 4; lastKnownFileType = sourcecode.c.h; path = UIPlaceHolderTextView.h; sourceTree = "<group>"; };
		5EFB6292177C38E900895A14 /* UIPlaceHolderTextView.m */ = {isa = PBXFileReference; fileEncoding = 4; lastKnownFileType = sourcecode.c.objc; path = UIPlaceHolderTextView.m; sourceTree = "<group>"; };
		5EFB6295177CB62900895A14 /* bubbleMine.png */ = {isa = PBXFileReference; lastKnownFileType = image.png; path = bubbleMine.png; sourceTree = "<group>"; };
		5EFB6296177CB62900895A14 /* bubbleMine@2x.png */ = {isa = PBXFileReference; lastKnownFileType = image.png; path = "bubbleMine@2x.png"; sourceTree = "<group>"; };
		5EFB6297177CB62900895A14 /* bubbleSomeone.png */ = {isa = PBXFileReference; lastKnownFileType = image.png; path = bubbleSomeone.png; sourceTree = "<group>"; };
		5EFB6298177CB62900895A14 /* bubbleSomeone@2x.png */ = {isa = PBXFileReference; lastKnownFileType = image.png; path = "bubbleSomeone@2x.png"; sourceTree = "<group>"; };
		5EFB6299177CB62900895A14 /* missingAvatar.png */ = {isa = PBXFileReference; lastKnownFileType = image.png; path = missingAvatar.png; sourceTree = "<group>"; };
		5EFB629A177CB62900895A14 /* missingAvatar@2x.png */ = {isa = PBXFileReference; lastKnownFileType = image.png; path = "missingAvatar@2x.png"; sourceTree = "<group>"; };
		5EFB629B177CB62900895A14 /* typingMine.png */ = {isa = PBXFileReference; lastKnownFileType = image.png; path = typingMine.png; sourceTree = "<group>"; };
		5EFB629C177CB62900895A14 /* typingMine@2x.png */ = {isa = PBXFileReference; lastKnownFileType = image.png; path = "typingMine@2x.png"; sourceTree = "<group>"; };
		5EFB629D177CB62900895A14 /* typingSomeone.png */ = {isa = PBXFileReference; lastKnownFileType = image.png; path = typingSomeone.png; sourceTree = "<group>"; };
		5EFB629E177CB62900895A14 /* typingSomeone@2x.png */ = {isa = PBXFileReference; lastKnownFileType = image.png; path = "typingSomeone@2x.png"; sourceTree = "<group>"; };
		5EFB62A0177CB62A00895A14 /* NSBubbleData.h */ = {isa = PBXFileReference; fileEncoding = 4; lastKnownFileType = sourcecode.c.h; path = NSBubbleData.h; sourceTree = "<group>"; };
		5EFB62A1177CB62A00895A14 /* NSBubbleData.m */ = {isa = PBXFileReference; fileEncoding = 4; lastKnownFileType = sourcecode.c.objc; path = NSBubbleData.m; sourceTree = "<group>"; };
		5EFB62A2177CB62A00895A14 /* UIBubbleHeaderTableViewCell.h */ = {isa = PBXFileReference; fileEncoding = 4; lastKnownFileType = sourcecode.c.h; path = UIBubbleHeaderTableViewCell.h; sourceTree = "<group>"; };
		5EFB62A3177CB62A00895A14 /* UIBubbleHeaderTableViewCell.m */ = {isa = PBXFileReference; fileEncoding = 4; lastKnownFileType = sourcecode.c.objc; path = UIBubbleHeaderTableViewCell.m; sourceTree = "<group>"; };
		5EFB62A4177CB62A00895A14 /* UIBubbleTableView.h */ = {isa = PBXFileReference; fileEncoding = 4; lastKnownFileType = sourcecode.c.h; path = UIBubbleTableView.h; sourceTree = "<group>"; };
		5EFB62A5177CB62A00895A14 /* UIBubbleTableView.m */ = {isa = PBXFileReference; fileEncoding = 4; lastKnownFileType = sourcecode.c.objc; path = UIBubbleTableView.m; sourceTree = "<group>"; };
		5EFB62A6177CB62A00895A14 /* UIBubbleTableViewCell.h */ = {isa = PBXFileReference; fileEncoding = 4; lastKnownFileType = sourcecode.c.h; path = UIBubbleTableViewCell.h; sourceTree = "<group>"; };
		5EFB62A7177CB62A00895A14 /* UIBubbleTableViewCell.m */ = {isa = PBXFileReference; fileEncoding = 4; lastKnownFileType = sourcecode.c.objc; path = UIBubbleTableViewCell.m; sourceTree = "<group>"; };
		5EFB62A8177CB62A00895A14 /* UIBubbleTableViewDataSource.h */ = {isa = PBXFileReference; fileEncoding = 4; lastKnownFileType = sourcecode.c.h; path = UIBubbleTableViewDataSource.h; sourceTree = "<group>"; };
		5EFB62A9177CB62A00895A14 /* UIBubbleTypingTableViewCell.h */ = {isa = PBXFileReference; fileEncoding = 4; lastKnownFileType = sourcecode.c.h; path = UIBubbleTypingTableViewCell.h; sourceTree = "<group>"; };
		5EFB62AA177CB62A00895A14 /* UIBubbleTypingTableViewCell.m */ = {isa = PBXFileReference; fileEncoding = 4; lastKnownFileType = sourcecode.c.objc; path = UIBubbleTypingTableViewCell.m; sourceTree = "<group>"; };
/* End PBXFileReference section */

/* Begin PBXFrameworksBuildPhase section */
		5EFB6182177C303000895A14 /* Frameworks */ = {
			isa = PBXFrameworksBuildPhase;
			buildActionMask = 2147483647;
			files = (
				5EFB6281177C32FD00895A14 /* CFNetwork.framework in Frameworks */,
				5EFB6282177C32FD00895A14 /* libz.dylib in Frameworks */,
				5EFB6283177C32FD00895A14 /* SystemConfiguration.framework in Frameworks */,
				5EFB6189177C303000895A14 /* UIKit.framework in Frameworks */,
				5EFB618B177C303000895A14 /* Foundation.framework in Frameworks */,
				5EFB618D177C303000895A14 /* CoreGraphics.framework in Frameworks */,
				5EFB618F177C303000895A14 /* CoreData.framework in Frameworks */,
			);
			runOnlyForDeploymentPostprocessing = 0;
		};
/* End PBXFrameworksBuildPhase section */

/* Begin PBXGroup section */
		5EC82D051799E54000F42622 /* UIFunctionality */ = {
			isa = PBXGroup;
			children = (
				5EC82D061799E54000F42622 /* CustomTextField.h */,
				5EC82D071799E54000F42622 /* CustomTextField.m */,
				5EC82D081799E54000F42622 /* UIFunctionality.h */,
			);
			path = UIFunctionality;
			sourceTree = "<group>";
		};
		5EFB617C177C303000895A14 = {
			isa = PBXGroup;
			children = (
				5EFB627E177C32FD00895A14 /* CFNetwork.framework */,
				5EFB627F177C32FD00895A14 /* libz.dylib */,
				5EFB6280177C32FD00895A14 /* SystemConfiguration.framework */,
				5EFB6190177C303000895A14 /* GMv2 */,
				5EFB6187177C303000895A14 /* Frameworks */,
				5EFB6186177C303000895A14 /* Products */,
			);
			sourceTree = "<group>";
			usesTabs = 0;
		};
		5EFB6186177C303000895A14 /* Products */ = {
			isa = PBXGroup;
			children = (
				5EFB6185177C303000895A14 /* GMv2.app */,
			);
			name = Products;
			sourceTree = "<group>";
		};
		5EFB6187177C303000895A14 /* Frameworks */ = {
			isa = PBXGroup;
			children = (
				5EFB6188177C303000895A14 /* UIKit.framework */,
				5EFB618A177C303000895A14 /* Foundation.framework */,
				5EFB618C177C303000895A14 /* CoreGraphics.framework */,
				5EFB618E177C303000895A14 /* CoreData.framework */,
			);
			name = Frameworks;
			sourceTree = "<group>";
		};
		5EFB6190177C303000895A14 /* GMv2 */ = {
			isa = PBXGroup;
			children = (
				5EFB6284177C33CC00895A14 /* Constants.h */,
				5EFB6285177C340800895A14 /* Globals.h */,
				5EFB6286177C340800895A14 /* Globals.m */,
				5EFB6199177C303000895A14 /* AppDelegate.h */,
				5EFB619A177C303000895A14 /* AppDelegate.m */,
				5EFB6288177C34BC00895A14 /* TableViewController.h */,
				5EFB6289177C34BC00895A14 /* TableViewController.m */,
				5EFB628B177C352500895A14 /* TableViewCell.h */,
				5EFB628C177C352500895A14 /* TableViewCell.m */,
				5EFB628E177C38A300895A14 /* ViewController.h */,
				5EFB628F177C38A300895A14 /* ViewController.m */,
				5EFB6291177C38E900895A14 /* UIPlaceHolderTextView.h */,
				5EFB6292177C38E900895A14 /* UIPlaceHolderTextView.m */,
				5EFB61AA177C326500895A14 /* MainStoryboard.storyboard */,
				5EFB61A2177C303000895A14 /* GMv2.xcdatamodeld */,
				5EFB61AC177C32C600895A14 /* libs */,
				5EFB6294177CB62800895A14 /* images */,
				5EFB629F177CB62900895A14 /* src */,
				5EFB6191177C303000895A14 /* Supporting Files */,
				5E1CE30B178DD9EB00EF64D2 /* BugFixes.rtf */,
			);
			path = GMv2;
			sourceTree = "<group>";
		};
		5EFB6191177C303000895A14 /* Supporting Files */ = {
			isa = PBXGroup;
			children = (
				5E83955817949E8D008808F2 /* Icon@2x.png */,
				5E83955417949E1B008808F2 /* Icon.png */,
				5E1CE30F178DE33800EF64D2 /* Data.plist */,
				5EFB6192177C303000895A14 /* GMv2-Info.plist */,
				5EFB6193177C303000895A14 /* InfoPlist.strings */,
				5EFB6196177C303000895A14 /* main.m */,
				5EFB6198177C303000895A14 /* GMv2-Prefix.pch */,
				5EFB619C177C303000895A14 /* Default.png */,
				5EFB619E177C303000895A14 /* Default@2x.png */,
				5EFB61A0177C303000895A14 /* Default-568h@2x.png */,
			);
			name = "Supporting Files";
			sourceTree = "<group>";
		};
		5EFB61AC177C32C600895A14 /* libs */ = {
			isa = PBXGroup;
			children = (
				5EC82D051799E54000F42622 /* UIFunctionality */,
				5EFB61AD177C32C600895A14 /* JSONKit */,
				5EFB61B2177C32C600895A14 /* PubNub */,
			);
			path = libs;
			sourceTree = "<group>";
		};
		5EFB61AD177C32C600895A14 /* JSONKit */ = {
			isa = PBXGroup;
			children = (
				5EFB61AE177C32C600895A14 /* JSON.h */,
				5EFB61AF177C32C600895A14 /* JSON.m */,
				5EFB61B0177C32C600895A14 /* JSONKit.h */,
				5EFB61B1177C32C600895A14 /* JSONKit.m */,
			);
			path = JSONKit;
			sourceTree = "<group>";
		};
		5EFB61B2177C32C600895A14 /* PubNub */ = {
			isa = PBXGroup;
			children = (
				5EFB61B3177C32C600895A14 /* Core */,
				5EFB61BA177C32C600895A14 /* Data */,
				5EFB6201177C32C600895A14 /* Misc */,
				5EFB621F177C32C600895A14 /* Network */,
			);
			path = PubNub;
			sourceTree = "<group>";
		};
		5EFB61B3177C32C600895A14 /* Core */ = {
			isa = PBXGroup;
			children = (
				5EFB61B4177C32C600895A14 /* PNObservationCenter+Protected.h */,
				5EFB61B5177C32C600895A14 /* PNObservationCenter.h */,
				5EFB61B6177C32C600895A14 /* PNObservationCenter.m */,
				5EFB61B7177C32C600895A14 /* PubNub+Protected.h */,
				5EFB61B8177C32C600895A14 /* PubNub.h */,
				5EFB61B9177C32C600895A14 /* PubNub.m */,
			);
			path = Core;
			sourceTree = "<group>";
		};
		5EFB61BA177C32C600895A14 /* Data */ = {
			isa = PBXGroup;
			children = (
				5EFB61BB177C32C600895A14 /* Buffers */,
				5EFB61BE177C32C600895A14 /* Channels */,
				5EFB61C9177C32C600895A14 /* Crypto */,
				5EFB61CC177C32C600895A14 /* Parsers */,
				5EFB61E4177C32C600895A14 /* PNChannelEvents+Protected.h */,
				5EFB61E5177C32C600895A14 /* PNChannelEvents.h */,
				5EFB61E6177C32C600895A14 /* PNChannelEvents.m */,
				5EFB61E7177C32C600895A14 /* PNConfiguration+Protected.h */,
				5EFB61E8177C32C600895A14 /* PNConfiguration.h */,
				5EFB61E9177C32C600895A14 /* PNConfiguration.m */,
				5EFB61EA177C32C600895A14 /* PNDate.h */,
				5EFB61EB177C32C600895A14 /* PNDate.m */,
				5EFB61EC177C32C600895A14 /* PNError+Protected.h */,
				5EFB61ED177C32C600895A14 /* PNError.h */,
				5EFB61EE177C32C600895A14 /* PNError.m */,
				5EFB61EF177C32C600895A14 /* PNHereNow+Protected.h */,
				5EFB61F0177C32C600895A14 /* PNHereNow.h */,
				5EFB61F1177C32C600895A14 /* PNHereNow.m */,
				5EFB61F2177C32C600895A14 /* PNJSONSerialization.h */,
				5EFB61F3177C32C600895A14 /* PNJSONSerialization.m */,
				5EFB61F4177C32C600895A14 /* PNMessage+Protected.h */,
				5EFB61F5177C32C600895A14 /* PNMessage.h */,
				5EFB61F6177C32C600895A14 /* PNMessage.m */,
				5EFB61F7177C32C600895A14 /* PNMessagesHistory+Protected.h */,
				5EFB61F8177C32C600895A14 /* PNMessagesHistory.h */,
				5EFB61F9177C32C600895A14 /* PNMessagesHistory.m */,
				5EFB61FA177C32C600895A14 /* PNOperationStatus+Protected.h */,
				5EFB61FB177C32C600895A14 /* PNOperationStatus.h */,
				5EFB61FC177C32C600895A14 /* PNOperationStatus.m */,
				5EFB61FD177C32C600895A14 /* PNRequestsQueue.h */,
				5EFB61FE177C32C600895A14 /* PNRequestsQueue.m */,
				5EFB61FF177C32C600895A14 /* PNResponse.h */,
				5EFB6200177C32C600895A14 /* PNResponse.m */,
			);
			path = Data;
			sourceTree = "<group>";
		};
		5EFB61BB177C32C600895A14 /* Buffers */ = {
			isa = PBXGroup;
			children = (
				5EFB61BC177C32C600895A14 /* PNWriteBuffer.h */,
				5EFB61BD177C32C600895A14 /* PNWriteBuffer.m */,
			);
			path = Buffers;
			sourceTree = "<group>";
		};
		5EFB61BE177C32C600895A14 /* Channels */ = {
			isa = PBXGroup;
			children = (
				5EFB61BF177C32C600895A14 /* PNChannel+Protected.h */,
				5EFB61C0177C32C600895A14 /* PNChannel.h */,
				5EFB61C1177C32C600895A14 /* PNChannel.m */,
				5EFB61C2177C32C600895A14 /* Presence */,
			);
			path = Channels;
			sourceTree = "<group>";
		};
		5EFB61C2177C32C600895A14 /* Presence */ = {
			isa = PBXGroup;
			children = (
				5EFB61C3177C32C600895A14 /* PNChannelPresence+Protected.h */,
				5EFB61C4177C32C600895A14 /* PNChannelPresence.h */,
				5EFB61C5177C32C600895A14 /* PNChannelPresence.m */,
				5EFB61C6177C32C600895A14 /* PNPresenceEvent+Protected.h */,
				5EFB61C7177C32C600895A14 /* PNPresenceEvent.h */,
				5EFB61C8177C32C600895A14 /* PNPresenceEvent.m */,
			);
			path = Presence;
			sourceTree = "<group>";
		};
		5EFB61C9177C32C600895A14 /* Crypto */ = {
			isa = PBXGroup;
			children = (
				5EFB61CA177C32C600895A14 /* PNCryptoHelper.h */,
				5EFB61CB177C32C600895A14 /* PNCryptoHelper.m */,
			);
			path = Crypto;
			sourceTree = "<group>";
		};
		5EFB61CC177C32C600895A14 /* Parsers */ = {
			isa = PBXGroup;
			children = (
				5EFB61CD177C32C600895A14 /* PNActionResponseParser+Protected.h */,
				5EFB61CE177C32C600895A14 /* PNActionResponseParser.h */,
				5EFB61CF177C32C600895A14 /* PNActionResponseParser.m */,
				5EFB61D0177C32C600895A14 /* PNChannelEventsResponseParser.h */,
				5EFB61D1177C32C600895A14 /* PNChannelEventsResponseParser.m */,
				5EFB61D2177C32C600895A14 /* PNChannelHistoryParser.h */,
				5EFB61D3177C32C600895A14 /* PNChannelHistoryParser.m */,
				5EFB61D4177C32C600895A14 /* PNErrorResponseParser+Protected.h */,
				5EFB61D5177C32C600895A14 /* PNErrorResponseParser.h */,
				5EFB61D6177C32C600895A14 /* PNErrorResponseParser.m */,
				5EFB61D7177C32C600895A14 /* PNHereNowResponseParser+Protected.h */,
				5EFB61D8177C32C600895A14 /* PNHereNowResponseParser.h */,
				5EFB61D9177C32C600895A14 /* PNHereNowResponseParser.m */,
				5EFB61DA177C32C600895A14 /* PNOperationStatusResponseParser.h */,
				5EFB61DB177C32C600895A14 /* PNOperationStatusResponseParser.m */,
				5EFB61DC177C32C600895A14 /* PNPushNotificationsEnabledChannelsParser.h */,
				5EFB61DD177C32C600895A14 /* PNPushNotificationsEnabledChannelsParser.m */,
				5EFB61DE177C32C600895A14 /* PNResponseDeserialize.h */,
				5EFB61DF177C32C600895A14 /* PNResponseDeserialize.m */,
				5EFB61E0177C32C600895A14 /* PNResponseParser.h */,
				5EFB61E1177C32C600895A14 /* PNResponseParser.m */,
				5EFB61E2177C32C600895A14 /* PNTimeTokenResponseParser.h */,
				5EFB61E3177C32C600895A14 /* PNTimeTokenResponseParser.m */,
			);
			path = Parsers;
			sourceTree = "<group>";
		};
		5EFB6201177C32C600895A14 /* Misc */ = {
			isa = PBXGroup;
			children = (
				5EFB6202177C32C600895A14 /* Categories */,
				5EFB620F177C32C600895A14 /* PNConstants.h */,
				5EFB6210177C32C600895A14 /* PNDefaultConfiguration.h */,
				5EFB6211177C32C600895A14 /* PNErrorCodes.h */,
				5EFB6212177C32C600895A14 /* PNImports.h */,
				5EFB6213177C32C600895A14 /* PNMacro.h */,
				5EFB6214177C32C600895A14 /* PNNotifications.h */,
				5EFB6215177C32C600895A14 /* PNRequestsImport.h */,
				5EFB6216177C32C600895A14 /* PNServiceResponseCallbacks.h */,
				5EFB6217177C32C600895A14 /* PNStructures.h */,
				5EFB6218177C32C600895A14 /* Protocols */,
			);
			path = Misc;
			sourceTree = "<group>";
		};
		5EFB6202177C32C600895A14 /* Categories */ = {
			isa = PBXGroup;
			children = (
				5EFB6203177C32C600895A14 /* NSArray+PNAdditions.h */,
				5EFB6204177C32C600895A14 /* NSArray+PNAdditions.m */,
				5EFB6205177C32C600895A14 /* NSData+PNAdditions.h */,
				5EFB6206177C32C600895A14 /* NSData+PNAdditions.m */,
				5EFB6207177C32C600895A14 /* NSInvocation+PNAdditions.h */,
				5EFB6208177C32C600895A14 /* NSInvocation+PNAdditions.m */,
				5EFB6209177C32C600895A14 /* NSMutableArray+PNAdditions.h */,
				5EFB620A177C32C600895A14 /* NSMutableArray+PNAdditions.m */,
				5EFB620B177C32C600895A14 /* NSString+PNAddition.h */,
				5EFB620C177C32C600895A14 /* NSString+PNAddition.m */,
				5EFB620D177C32C600895A14 /* UIDevice+PNAdditions.h */,
				5EFB620E177C32C600895A14 /* UIDevice+PNAdditions.m */,
			);
			path = Categories;
			sourceTree = "<group>";
		};
		5EFB6218177C32C600895A14 /* Protocols */ = {
			isa = PBXGroup;
			children = (
				5EFB6219177C32C600895A14 /* PNConnectionChannelDelegate.h */,
				5EFB621A177C32C600895A14 /* PNConnectionDelegate.h */,
				5EFB621B177C32C600895A14 /* PNDelegate.h */,
				5EFB621C177C32C600895A14 /* PNMessageChannelDelegate.h */,
				5EFB621D177C32C600895A14 /* PNRequestsQueueDelegate.h */,
				5EFB621E177C32C600895A14 /* PNServiceChannelDelegate.h */,
			);
			path = Protocols;
			sourceTree = "<group>";
		};
		5EFB621F177C32C600895A14 /* Network */ = {
			isa = PBXGroup;
			children = (
				5EFB6220177C32C600895A14 /* Packets */,
				5EFB623D177C32C600895A14 /* PNMessagingChannel.h */,
				5EFB623E177C32C600895A14 /* PNMessagingChannel.m */,
				5EFB623F177C32C600895A14 /* PNReachability.h */,
				5EFB6240177C32C600895A14 /* PNReachability.m */,
				5EFB6241177C32C600895A14 /* PNServiceChannel.h */,
				5EFB6242177C32C600895A14 /* PNServiceChannel.m */,
				5EFB6243177C32C600895A14 /* Transport */,
			);
			path = Network;
			sourceTree = "<group>";
		};
		5EFB6220177C32C600895A14 /* Packets */ = {
			isa = PBXGroup;
			children = (
				5EFB6221177C32C600895A14 /* PNBaseRequest+Protected.h */,
				5EFB6222177C32C600895A14 /* PNBaseRequest.h */,
				5EFB6223177C32C600895A14 /* PNBaseRequest.m */,
				5EFB6224177C32C600895A14 /* PNHereNowRequest+Protected.h */,
				5EFB6225177C32C600895A14 /* PNHereNowRequest.h */,
				5EFB6226177C32C600895A14 /* PNHereNowRequest.m */,
				5EFB6227177C32C600895A14 /* PNLatencyMeasureRequest.h */,
				5EFB6228177C32C600895A14 /* PNLatencyMeasureRequest.m */,
				5EFB6229177C32C600895A14 /* PNLeaveRequest+Protected.h */,
				5EFB622A177C32C600895A14 /* PNLeaveRequest.h */,
				5EFB622B177C32C600895A14 /* PNLeaveRequest.m */,
				5EFB622C177C32C600895A14 /* PNMessageHistoryRequest+Protected.h */,
				5EFB622D177C32C600895A14 /* PNMessageHistoryRequest.h */,
				5EFB622E177C32C600895A14 /* PNMessageHistoryRequest.m */,
				5EFB622F177C32C600895A14 /* PNMessagePostRequest+Protected.h */,
				5EFB6230177C32C600895A14 /* PNMessagePostRequest.h */,
				5EFB6231177C32C600895A14 /* PNMessagePostRequest.m */,
				5EFB6232177C32C600895A14 /* PNPushNotificationsEnabledChannelsRequest.h */,
				5EFB6233177C32C600895A14 /* PNPushNotificationsEnabledChannelsRequest.m */,
				5EFB6234177C32C600895A14 /* PNPushNotificationsRemoveRequest.h */,
				5EFB6235177C32C600895A14 /* PNPushNotificationsRemoveRequest.m */,
				5EFB6236177C32C600895A14 /* PNPushNotificationsStateChangeRequest.h */,
				5EFB6237177C32C600895A14 /* PNPushNotificationsStateChangeRequest.m */,
				5EFB6238177C32C600895A14 /* PNSubscribeRequest+Protected.h */,
				5EFB6239177C32C600895A14 /* PNSubscribeRequest.h */,
				5EFB623A177C32C600895A14 /* PNSubscribeRequest.m */,
				5EFB623B177C32C600895A14 /* PNTimeTokenRequest.h */,
				5EFB623C177C32C600895A14 /* PNTimeTokenRequest.m */,
			);
			path = Packets;
			sourceTree = "<group>";
		};
		5EFB6243177C32C600895A14 /* Transport */ = {
			isa = PBXGroup;
			children = (
				5EFB6244177C32C600895A14 /* PNConnection+Protected.h */,
				5EFB6245177C32C600895A14 /* PNConnection.h */,
				5EFB6246177C32C600895A14 /* PNConnection.m */,
				5EFB6247177C32C600895A14 /* PNConnectionChannel+Protected.h */,
				5EFB6248177C32C600895A14 /* PNConnectionChannel.h */,
				5EFB6249177C32C600895A14 /* PNConnectionChannel.m */,
			);
			path = Transport;
			sourceTree = "<group>";
		};
		5EFB6294177CB62800895A14 /* images */ = {
			isa = PBXGroup;
			children = (
				5E1CE311178E072B00EF64D2 /* delete-32.png */,
				5EFB6295177CB62900895A14 /* bubbleMine.png */,
				5EFB6296177CB62900895A14 /* bubbleMine@2x.png */,
				5EFB6297177CB62900895A14 /* bubbleSomeone.png */,
				5EFB6298177CB62900895A14 /* bubbleSomeone@2x.png */,
				5EFB6299177CB62900895A14 /* missingAvatar.png */,
				5EFB629A177CB62900895A14 /* missingAvatar@2x.png */,
				5EFB629B177CB62900895A14 /* typingMine.png */,
				5EFB629C177CB62900895A14 /* typingMine@2x.png */,
				5EFB629D177CB62900895A14 /* typingSomeone.png */,
				5EFB629E177CB62900895A14 /* typingSomeone@2x.png */,
			);
			path = images;
			sourceTree = "<group>";
		};
		5EFB629F177CB62900895A14 /* src */ = {
			isa = PBXGroup;
			children = (
				5EFB62A0177CB62A00895A14 /* NSBubbleData.h */,
				5EFB62A1177CB62A00895A14 /* NSBubbleData.m */,
				5EFB62A2177CB62A00895A14 /* UIBubbleHeaderTableViewCell.h */,
				5EFB62A3177CB62A00895A14 /* UIBubbleHeaderTableViewCell.m */,
				5EFB62A4177CB62A00895A14 /* UIBubbleTableView.h */,
				5EFB62A5177CB62A00895A14 /* UIBubbleTableView.m */,
				5EFB62A6177CB62A00895A14 /* UIBubbleTableViewCell.h */,
				5EFB62A7177CB62A00895A14 /* UIBubbleTableViewCell.m */,
				5EFB62A8177CB62A00895A14 /* UIBubbleTableViewDataSource.h */,
				5EFB62A9177CB62A00895A14 /* UIBubbleTypingTableViewCell.h */,
				5EFB62AA177CB62A00895A14 /* UIBubbleTypingTableViewCell.m */,
			);
			path = src;
			sourceTree = "<group>";
		};
/* End PBXGroup section */

/* Begin PBXNativeTarget section */
		5EFB6184177C303000895A14 /* GMv2 */ = {
			isa = PBXNativeTarget;
			buildConfigurationList = 5EFB61A7177C303100895A14 /* Build configuration list for PBXNativeTarget "GMv2" */;
			buildPhases = (
				5EFB6181177C303000895A14 /* Sources */,
				5EFB6182177C303000895A14 /* Frameworks */,
				5EFB6183177C303000895A14 /* Resources */,
			);
			buildRules = (
			);
			dependencies = (
			);
			name = GMv2;
			productName = GMv2;
			productReference = 5EFB6185177C303000895A14 /* GMv2.app */;
			productType = "com.apple.product-type.application";
		};
/* End PBXNativeTarget section */

/* Begin PBXProject section */
		5EFB617D177C303000895A14 /* Project object */ = {
			isa = PBXProject;
			attributes = {
				LastUpgradeCheck = 0460;
				ORGANIZATIONNAME = "Ajan Jayant";
			};
			buildConfigurationList = 5EFB6180177C303000895A14 /* Build configuration list for PBXProject "GMv2" */;
			compatibilityVersion = "Xcode 3.2";
			developmentRegion = English;
			hasScannedForEncodings = 0;
			knownRegions = (
				en,
			);
			mainGroup = 5EFB617C177C303000895A14;
			productRefGroup = 5EFB6186177C303000895A14 /* Products */;
			projectDirPath = "";
			projectRoot = "";
			targets = (
				5EFB6184177C303000895A14 /* GMv2 */,
			);
		};
/* End PBXProject section */

/* Begin PBXResourcesBuildPhase section */
		5EFB6183177C303000895A14 /* Resources */ = {
			isa = PBXResourcesBuildPhase;
			buildActionMask = 2147483647;
			files = (
				5EFB6195177C303000895A14 /* InfoPlist.strings in Resources */,
				5EFB619D177C303000895A14 /* Default.png in Resources */,
				5EFB619F177C303000895A14 /* Default@2x.png in Resources */,
				5EFB61A1177C303000895A14 /* Default-568h@2x.png in Resources */,
				5EFB61AB177C326500895A14 /* MainStoryboard.storyboard in Resources */,
				5EFB62AB177CB62A00895A14 /* bubbleMine.png in Resources */,
				5EFB62AC177CB62A00895A14 /* bubbleMine@2x.png in Resources */,
				5EFB62AD177CB62A00895A14 /* bubbleSomeone.png in Resources */,
				5EFB62AE177CB62A00895A14 /* bubbleSomeone@2x.png in Resources */,
				5EFB62AF177CB62A00895A14 /* missingAvatar.png in Resources */,
				5EFB62B0177CB62A00895A14 /* missingAvatar@2x.png in Resources */,
				5EFB62B1177CB62A00895A14 /* typingMine.png in Resources */,
				5EFB62B2177CB62A00895A14 /* typingMine@2x.png in Resources */,
				5EFB62B3177CB62A00895A14 /* typingSomeone.png in Resources */,
				5EFB62B4177CB62A00895A14 /* typingSomeone@2x.png in Resources */,
				5E1CE30C178DD9EC00EF64D2 /* BugFixes.rtf in Resources */,
				5E1CE310178DE33800EF64D2 /* Data.plist in Resources */,
				5E1CE312178E072B00EF64D2 /* delete-32.png in Resources */,
				5E83955517949E1B008808F2 /* Icon.png in Resources */,
				5E83955917949E8D008808F2 /* Icon@2x.png in Resources */,
			);
			runOnlyForDeploymentPostprocessing = 0;
		};
/* End PBXResourcesBuildPhase section */

/* Begin PBXSourcesBuildPhase section */
		5EFB6181177C303000895A14 /* Sources */ = {
			isa = PBXSourcesBuildPhase;
			buildActionMask = 2147483647;
			files = (
				5EFB6197177C303000895A14 /* main.m in Sources */,
				5EFB619B177C303000895A14 /* AppDelegate.m in Sources */,
				5EFB61A4177C303100895A14 /* GMv2.xcdatamodeld in Sources */,
				5EFB624A177C32C600895A14 /* JSON.m in Sources */,
				5EFB624B177C32C600895A14 /* JSONKit.m in Sources */,
				5EFB624C177C32C600895A14 /* PNObservationCenter.m in Sources */,
				5EFB624D177C32C600895A14 /* PubNub.m in Sources */,
				5EFB624E177C32C600895A14 /* PNWriteBuffer.m in Sources */,
				5EFB624F177C32C600895A14 /* PNChannel.m in Sources */,
				5EFB6250177C32C600895A14 /* PNChannelPresence.m in Sources */,
				5EFB6251177C32C600895A14 /* PNPresenceEvent.m in Sources */,
				5EFB6252177C32C600895A14 /* PNCryptoHelper.m in Sources */,
				5EFB6253177C32C600895A14 /* PNActionResponseParser.m in Sources */,
				5EFB6254177C32C600895A14 /* PNChannelEventsResponseParser.m in Sources */,
				5EFB6255177C32C600895A14 /* PNChannelHistoryParser.m in Sources */,
				5EFB6256177C32C600895A14 /* PNErrorResponseParser.m in Sources */,
				5EFB6257177C32C600895A14 /* PNHereNowResponseParser.m in Sources */,
				5EFB6258177C32C600895A14 /* PNOperationStatusResponseParser.m in Sources */,
				5EFB6259177C32C600895A14 /* PNPushNotificationsEnabledChannelsParser.m in Sources */,
				5EFB625A177C32C600895A14 /* PNResponseDeserialize.m in Sources */,
				5EFB625B177C32C600895A14 /* PNResponseParser.m in Sources */,
				5EFB625C177C32C600895A14 /* PNTimeTokenResponseParser.m in Sources */,
				5EFB625D177C32C600895A14 /* PNChannelEvents.m in Sources */,
				5EFB625E177C32C600895A14 /* PNConfiguration.m in Sources */,
				5EFB625F177C32C600895A14 /* PNDate.m in Sources */,
				5EFB6260177C32C600895A14 /* PNError.m in Sources */,
				5EFB6261177C32C600895A14 /* PNHereNow.m in Sources */,
				5EFB6262177C32C600895A14 /* PNJSONSerialization.m in Sources */,
				5EFB6263177C32C600895A14 /* PNMessage.m in Sources */,
				5EFB6264177C32C600895A14 /* PNMessagesHistory.m in Sources */,
				5EFB6265177C32C600895A14 /* PNOperationStatus.m in Sources */,
				5EFB6266177C32C600895A14 /* PNRequestsQueue.m in Sources */,
				5EFB6267177C32C600895A14 /* PNResponse.m in Sources */,
				5EFB6268177C32C600895A14 /* NSArray+PNAdditions.m in Sources */,
				5EFB6269177C32C600895A14 /* NSData+PNAdditions.m in Sources */,
				5EFB626A177C32C600895A14 /* NSInvocation+PNAdditions.m in Sources */,
				5EFB626B177C32C600895A14 /* NSMutableArray+PNAdditions.m in Sources */,
				5EFB626C177C32C600895A14 /* NSString+PNAddition.m in Sources */,
				5EFB626D177C32C600895A14 /* UIDevice+PNAdditions.m in Sources */,
				5EFB626E177C32C600895A14 /* PNBaseRequest.m in Sources */,
				5EFB626F177C32C600895A14 /* PNHereNowRequest.m in Sources */,
				5EFB6270177C32C600895A14 /* PNLatencyMeasureRequest.m in Sources */,
				5EFB6271177C32C600895A14 /* PNLeaveRequest.m in Sources */,
				5EFB6272177C32C600895A14 /* PNMessageHistoryRequest.m in Sources */,
				5EFB6273177C32C600895A14 /* PNMessagePostRequest.m in Sources */,
				5EFB6274177C32C600895A14 /* PNPushNotificationsEnabledChannelsRequest.m in Sources */,
				5EFB6275177C32C600895A14 /* PNPushNotificationsRemoveRequest.m in Sources */,
				5EFB6276177C32C600895A14 /* PNPushNotificationsStateChangeRequest.m in Sources */,
				5EFB6277177C32C600895A14 /* PNSubscribeRequest.m in Sources */,
				5EFB6278177C32C600895A14 /* PNTimeTokenRequest.m in Sources */,
				5EFB6279177C32C600895A14 /* PNMessagingChannel.m in Sources */,
				5EFB627A177C32C600895A14 /* PNReachability.m in Sources */,
				5EFB627B177C32C600895A14 /* PNServiceChannel.m in Sources */,
				5EFB627C177C32C600895A14 /* PNConnection.m in Sources */,
				5EFB627D177C32C600895A14 /* PNConnectionChannel.m in Sources */,
				5EFB6287177C340800895A14 /* Globals.m in Sources */,
				5EFB628A177C34BC00895A14 /* TableViewController.m in Sources */,
				5EFB628D177C352500895A14 /* TableViewCell.m in Sources */,
				5EFB6290177C38A400895A14 /* ViewController.m in Sources */,
				5EFB6293177C38E900895A14 /* UIPlaceHolderTextView.m in Sources */,
				5EFB62B5177CB62A00895A14 /* NSBubbleData.m in Sources */,
				5EFB62B6177CB62A00895A14 /* UIBubbleHeaderTableViewCell.m in Sources */,
				5EFB62B7177CB62A00895A14 /* UIBubbleTableView.m in Sources */,
				5EFB62B8177CB62A00895A14 /* UIBubbleTableViewCell.m in Sources */,
				5EFB62B9177CB62A00895A14 /* UIBubbleTypingTableViewCell.m in Sources */,
				5EC82D091799E54000F42622 /* CustomTextField.m in Sources */,
			);
			runOnlyForDeploymentPostprocessing = 0;
		};
/* End PBXSourcesBuildPhase section */

/* Begin PBXVariantGroup section */
		5EFB6193177C303000895A14 /* InfoPlist.strings */ = {
			isa = PBXVariantGroup;
			children = (
				5EFB6194177C303000895A14 /* en */,
			);
			name = InfoPlist.strings;
			sourceTree = "<group>";
		};
/* End PBXVariantGroup section */

/* Begin XCBuildConfiguration section */
		5EFB61A5177C303100895A14 /* Debug */ = {
			isa = XCBuildConfiguration;
			buildSettings = {
				ALWAYS_SEARCH_USER_PATHS = NO;
				CLANG_CXX_LANGUAGE_STANDARD = "gnu++0x";
				CLANG_CXX_LIBRARY = "libc++";
				CLANG_ENABLE_OBJC_ARC = YES;
				CLANG_WARN_CONSTANT_CONVERSION = YES;
				CLANG_WARN_EMPTY_BODY = YES;
				CLANG_WARN_ENUM_CONVERSION = YES;
				CLANG_WARN_INT_CONVERSION = YES;
				CLANG_WARN__DUPLICATE_METHOD_MATCH = YES;
				CODE_SIGN_IDENTITY = "iPhone Developer: Stephen Blum (4G3RZ3V94T)";
				"CODE_SIGN_IDENTITY[sdk=iphoneos*]" = "iPhone Developer: Stephen Blum (4G3RZ3V94T)";
				COPY_PHASE_STRIP = NO;
				GCC_C_LANGUAGE_STANDARD = gnu99;
				GCC_DYNAMIC_NO_PIC = NO;
				GCC_OPTIMIZATION_LEVEL = 0;
				GCC_PREPROCESSOR_DEFINITIONS = (
					"DEBUG=1",
					"$(inherited)",
				);
				GCC_SYMBOLS_PRIVATE_EXTERN = NO;
				GCC_WARN_ABOUT_RETURN_TYPE = YES;
				GCC_WARN_UNINITIALIZED_AUTOS = YES;
				GCC_WARN_UNUSED_VARIABLE = YES;
				IPHONEOS_DEPLOYMENT_TARGET = 6.1;
				ONLY_ACTIVE_ARCH = YES;
				PROVISIONING_PROFILE = "81C2D71C-E979-48F1-B23E-F54DA3D87DEF";
				"PROVISIONING_PROFILE[sdk=iphoneos*]" = "81C2D71C-E979-48F1-B23E-F54DA3D87DEF";
				SDKROOT = iphoneos;
			};
			name = Debug;
		};
		5EFB61A6177C303100895A14 /* Release */ = {
			isa = XCBuildConfiguration;
			buildSettings = {
				ALWAYS_SEARCH_USER_PATHS = NO;
				CLANG_CXX_LANGUAGE_STANDARD = "gnu++0x";
				CLANG_CXX_LIBRARY = "libc++";
				CLANG_ENABLE_OBJC_ARC = YES;
				CLANG_WARN_CONSTANT_CONVERSION = YES;
				CLANG_WARN_EMPTY_BODY = YES;
				CLANG_WARN_ENUM_CONVERSION = YES;
				CLANG_WARN_INT_CONVERSION = YES;
				CLANG_WARN__DUPLICATE_METHOD_MATCH = YES;
				CODE_SIGN_IDENTITY = "iPhone Developer: Stephen Blum (4G3RZ3V94T)";
				"CODE_SIGN_IDENTITY[sdk=iphoneos*]" = "iPhone Developer: Stephen Blum (4G3RZ3V94T)";
				COPY_PHASE_STRIP = YES;
				GCC_C_LANGUAGE_STANDARD = gnu99;
				GCC_WARN_ABOUT_RETURN_TYPE = YES;
				GCC_WARN_UNINITIALIZED_AUTOS = YES;
				GCC_WARN_UNUSED_VARIABLE = YES;
				IPHONEOS_DEPLOYMENT_TARGET = 6.1;
				OTHER_CFLAGS = "-DNS_BLOCK_ASSERTIONS=1";
				PROVISIONING_PROFILE = "81C2D71C-E979-48F1-B23E-F54DA3D87DEF";
				"PROVISIONING_PROFILE[sdk=iphoneos*]" = "81C2D71C-E979-48F1-B23E-F54DA3D87DEF";
				SDKROOT = iphoneos;
				VALIDATE_PRODUCT = YES;
			};
			name = Release;
		};
		5EFB61A8177C303100895A14 /* Debug */ = {
			isa = XCBuildConfiguration;
			buildSettings = {
				"CODE_SIGN_ENTITLEMENTS[sdk=*]" = "";
				CODE_SIGN_IDENTITY = "iPhone Developer";
				"CODE_SIGN_IDENTITY[sdk=iphoneos*]" = "iPhone Developer";
				GCC_PRECOMPILE_PREFIX_HEADER = YES;
				GCC_PREFIX_HEADER = "GMv2/GMv2-Prefix.pch";
				INFOPLIST_FILE = "GMv2/GMv2-Info.plist";
				PRODUCT_NAME = "$(TARGET_NAME)";
				PROVISIONING_PROFILE = "";
				"PROVISIONING_PROFILE[sdk=iphoneos*]" = "";
				TARGETED_DEVICE_FAMILY = 1;
				WRAPPER_EXTENSION = app;
			};
			name = Debug;
		};
		5EFB61A9177C303100895A14 /* Release */ = {
			isa = XCBuildConfiguration;
			buildSettings = {
				CODE_SIGN_IDENTITY = "iPhone Developer";
				"CODE_SIGN_IDENTITY[sdk=iphoneos*]" = "iPhone Developer";
				GCC_PRECOMPILE_PREFIX_HEADER = YES;
				GCC_PREFIX_HEADER = "GMv2/GMv2-Prefix.pch";
				INFOPLIST_FILE = "GMv2/GMv2-Info.plist";
				PRODUCT_NAME = "$(TARGET_NAME)";
				PROVISIONING_PROFILE = "";
				"PROVISIONING_PROFILE[sdk=iphoneos*]" = "";
				TARGETED_DEVICE_FAMILY = 1;
				WRAPPER_EXTENSION = app;
			};
			name = Release;
		};
/* End XCBuildConfiguration section */

/* Begin XCConfigurationList section */
		5EFB6180177C303000895A14 /* Build configuration list for PBXProject "GMv2" */ = {
			isa = XCConfigurationList;
			buildConfigurations = (
				5EFB61A5177C303100895A14 /* Debug */,
				5EFB61A6177C303100895A14 /* Release */,
			);
			defaultConfigurationIsVisible = 0;
			defaultConfigurationName = Release;
		};
		5EFB61A7177C303100895A14 /* Build configuration list for PBXNativeTarget "GMv2" */ = {
			isa = XCConfigurationList;
			buildConfigurations = (
				5EFB61A8177C303100895A14 /* Debug */,
				5EFB61A9177C303100895A14 /* Release */,
			);
			defaultConfigurationIsVisible = 0;
			defaultConfigurationName = Release;
		};
/* End XCConfigurationList section */

/* Begin XCVersionGroup section */
		5EFB61A2177C303000895A14 /* GMv2.xcdatamodeld */ = {
			isa = XCVersionGroup;
			children = (
				5EFB61A3177C303100895A14 /* GMv2.xcdatamodel */,
			);
			currentVersion = 5EFB61A3177C303100895A14 /* GMv2.xcdatamodel */;
			path = GMv2.xcdatamodeld;
			sourceTree = "<group>";
			versionGroupType = wrapper.xcdatamodel;
		};
/* End XCVersionGroup section */
	};
	rootObject = 5EFB617D177C303000895A14 /* Project object */;
}
